
Microsoft Visual Studio Solution File, Format Version 12.00
# Visual Studio Version 16
VisualStudioVersion = 16.0.28803.202
MinimumVisualStudioVersion = 10.0.40219.1
Project("{FAE04EC0-301F-11D3-BF4B-00C04F79EFBC}") = "FlintLib.Common", "FlintLib.Common\FlintLib.Common.csproj", "{5DEEA8B9-FE52-4FCB-B9B5-A14FC50A27A1}"
EndProject
Project("{FAE04EC0-301F-11D3-BF4B-00C04F79EFBC}") = "FlintLib.Diagnostics", "FlintLib.Diagnostics\FlintLib.Diagnostics.csproj", "{1C762692-E7AE-4DE2-B107-86017143CE21}"
EndProject
Project("{FAE04EC0-301F-11D3-BF4B-00C04F79EFBC}") = "FlintLib.MVVM", "FlintLib.MVVM\FlintLib.MVVM.csproj", "{FFFE157B-9DB4-48A7-9A75-A2B39B94DE36}"
EndProject
Project("{FAE04EC0-301F-11D3-BF4B-00C04F79EFBC}") = "FlintLib.Tests", "FlintLib.Tests\FlintLib.Tests.csproj", "{44D80F3E-321D-4DB3-8049-6D641B21D94C}"
EndProject
Project("{FAE04EC0-301F-11D3-BF4B-00C04F79EFBC}") = "FlintLib.Commands", "FlintLib.Commands\FlintLib.Commands.csproj", "{1501A789-A607-4905-93DE-B4DF51423D0C}"
EndProject
Project("{FAE04EC0-301F-11D3-BF4B-00C04F79EFBC}") = "FlintLib.Mathematics", "FlintLib.Mathematics\FlintLib.Mathematics.csproj", "{07B70176-9762-463F-AE1A-CE0F09B684B4}"
EndProject
Project("{FAE04EC0-301F-11D3-BF4B-00C04F79EFBC}") = "FlintLib.Intelligence", "FlintLib.Intelligence\FlintLib.Intelligence.csproj", "{768027C7-700C-4CB0-90EA-69A64C56BED5}"
EndProject
Project("{FAE04EC0-301F-11D3-BF4B-00C04F79EFBC}") = "FlintLib.Genetics", "FlintLib.Genetics\FlintLib.Genetics.csproj", "{24A9A5A1-A58D-4A8F-890F-6DBD50A9B328}"
EndProject
Project("{FAE04EC0-301F-11D3-BF4B-00C04F79EFBC}") = "FlintLib.Structures", "FlintLib.Structures\FlintLib.Structures.csproj", "{20EC6B62-9001-43A3-AD2E-9AADBE18A451}"
EndProject
Project("{FAE04EC0-301F-11D3-BF4B-00C04F79EFBC}") = "FlintLib.Synthesis", "FlintLib.Synthesis\FlintLib.Synthesis.csproj", "{1F230CC0-62AC-40B8-A04F-A5082BB30EAB}"
EndProject
Project("{FAE04EC0-301F-11D3-BF4B-00C04F79EFBC}") = "FlintLib.Geometrics", "FlintLib.Geometrics\FlintLib.Geometrics.csproj", "{782701C3-59F4-49F0-9C15-740414456712}"
EndProject
Project("{FAE04EC0-301F-11D3-BF4B-00C04F79EFBC}") = "FlintLib.Forms", "FlintLib.Forms\FlintLib.Forms.csproj", "{706BE5DE-43A5-4220-9AD7-197F6F6489A8}"
EndProject
Project("{FAE04EC0-301F-11D3-BF4B-00C04F79EFBC}") = "FlintLib.Forms.Sandbox", "FlintLib.Forms.Sandbox\FlintLib.Forms.Sandbox.csproj", "{E8316D42-6A37-43DF-823D-F597690BD838}"
EndProject
Project("{FAE04EC0-301F-11D3-BF4B-00C04F79EFBC}") = "FlintLib.Accounting", "FlintLib.Accounting\FlintLib.Accounting.csproj", "{EEAAB1DC-47CC-47D3-88EE-1B8AE002FE46}"
EndProject
Project("{2150E333-8FDC-42A3-9474-1A3956D46DE8}") = ".Net Framework", ".Net Framework", "{61DFFB0C-09E6-412A-8760-7A7C265FCC95}"
EndProject
Project("{9A19103F-16F7-4668-BE54-9A1E7A4F7556}") = "FLibStd.Common", "FlibStd.Common\FLibStd.Common.csproj", "{7FBBBCC5-FABF-4E25-A8B9-97B34C57FB34}"
EndProject
Project("{9A19103F-16F7-4668-BE54-9A1E7A4F7556}") = "FLibStd.MVVM", "FLibStd.MVVM\FLibStd.MVVM.csproj", "{1A9D74EC-0677-404A-A9E6-D593A4111079}"
EndProject
Project("{FAE04EC0-301F-11D3-BF4B-00C04F79EFBC}") = "FlintLib.Scheduling", "FlintLib.Scheduling\FlintLib.Scheduling.csproj", "{18119212-A9C6-4051-8850-4B0F8D2FC083}"
EndProject
Project("{9A19103F-16F7-4668-BE54-9A1E7A4F7556}") = "FLibStd.Scheduling", "FlibStd.Scheduling\FLibStd.Scheduling.csproj", "{5F8C437C-8A5B-4DE9-91F7-56BF96EDCCC7}"
EndProject
Project("{9A19103F-16F7-4668-BE54-9A1E7A4F7556}") = "FLibStd.Accounting", "FLibStd.Accounting\FLibStd.Accounting.csproj", "{303E9A91-89D4-4D1B-9BAC-E409C51C066A}"
EndProject
Project("{2150E333-8FDC-42A3-9474-1A3956D46DE8}") = "Xamarin", "Xamarin", "{49D3AA2F-1291-4E7F-984A-4828D6864856}"
EndProject
Project("{9A19103F-16F7-4668-BE54-9A1E7A4F7556}") = "FLibXamarin.Common", "FLibXamarin.Common\FLibXamarin.Common.csproj", "{51682C34-0A6F-47A6-B6B6-B809D1A520D3}"
EndProject
Project("{9A19103F-16F7-4668-BE54-9A1E7A4F7556}") = "FLibXamarin.MVVM", "FLibXamarin.MVVM\FLibXamarin.MVVM.csproj", "{A3E04837-5AA2-4ECE-8FCE-C77EED74824C}"
EndProject
Project("{9A19103F-16F7-4668-BE54-9A1E7A4F7556}") = "FLibXamarin.Scheduling", "FLibXamarin.Scheduling\FLibXamarin.Scheduling.csproj", "{DB612024-DAA2-403D-856C-3315370C75BC}"
EndProject
Project("{9A19103F-16F7-4668-BE54-9A1E7A4F7556}") = "FLibXamarin.Accounting", "FLibXamarin.Accounting\FLibXamarin.Accounting.csproj", "{3E7A63EB-BA30-457E-A1AC-F7DE5E17CBF9}"
EndProject
Project("{FAE04EC0-301F-11D3-BF4B-00C04F79EFBC}") = "FLibXamarin.Tests", "FLibXamarin.Tests\FLibXamarin.Tests.csproj", "{BEFFC00B-BBB2-421D-9DFF-11891AAB31C5}"
EndProject
Project("{FAE04EC0-301F-11D3-BF4B-00C04F79EFBC}") = "FlintLib.Presentation", "FlintLib.Presentation\FlintLib.Presentation.csproj", "{9FD54123-B800-46A0-8B71-ADC801718F2E}"
EndProject
Project("{9A19103F-16F7-4668-BE54-9A1E7A4F7556}") = "FLibStd.Mathematics", "FLibStd.Mathematics\FLibStd.Mathematics.csproj", "{4751708A-4570-4589-86E6-F9FB3CB4C400}"
EndProject
Project("{9A19103F-16F7-4668-BE54-9A1E7A4F7556}") = "FLibStd.Presentation", "FLibStd.Presentation\FLibStd.Presentation.csproj", "{4C4B61DF-6B01-460E-AC12-7BEE5A37723F}"
EndProject
Project("{FAE04EC0-301F-11D3-BF4B-00C04F79EFBC}") = "FLib.MVVM.UWP", "FLib.MVVM.UWP\FLib.MVVM.UWP.csproj", "{A4FB5729-8545-4FA1-9E3F-5AEA56324402}"
EndProject
Project("{FAE04EC0-301F-11D3-BF4B-00C04F79EFBC}") = "FLib.MVVM.WPF", "FLib.MVVM.WPF\FLib.MVVM.WPF.csproj", "{78AA6EAD-A00A-454F-90CD-93C03AEDD706}"
EndProject
Project("{FAE04EC0-301F-11D3-BF4B-00C04F79EFBC}") = "FLib.Common.UWP", "FLib.Common.UWP\FLib.Common.UWP.csproj", "{3E554F51-F1E7-492C-8EBC-894E3FD99C0F}"
EndProject
Project("{2150E333-8FDC-42A3-9474-1A3956D46DE8}") = "Common", "Common", "{6CD4DA58-796B-4304-93E1-EA053DD301F5}"
EndProject
Project("{FAE04EC0-301F-11D3-BF4B-00C04F79EFBC}") = "FlintLib.Common.Tests", "FlintLib.Common.Tests\FlintLib.Common.Tests.csproj", "{B5DD02F7-32BC-4B40-9775-AB055E29B1FC}"
EndProject
Project("{2150E333-8FDC-42A3-9474-1A3956D46DE8}") = "MVVM", "MVVM", "{CE896EFB-0DAB-4108-9746-FD7F847F4751}"
EndProject
Project("{2150E333-8FDC-42A3-9474-1A3956D46DE8}") = "Accounting", "Accounting", "{2CB77D06-A5D0-42B0-8198-92D0956258A4}"
EndProject
Project("{2150E333-8FDC-42A3-9474-1A3956D46DE8}") = "Scheduling", "Scheduling", "{16895E01-48DA-4477-9D4E-6B03CFEF066B}"
EndProject
Project("{2150E333-8FDC-42A3-9474-1A3956D46DE8}") = "Mathematics", "Mathematics", "{7CC3A256-39C7-47E6-AFD1-14E291388934}"
EndProject
Project("{2150E333-8FDC-42A3-9474-1A3956D46DE8}") = "Presentation", "Presentation", "{84539E18-2DA1-4A0F-AC16-C03947E5C858}"
EndProject
Project("{2150E333-8FDC-42A3-9474-1A3956D46DE8}") = "Commands", "Commands", "{AADD98B6-00BC-43F0-8B79-324669C82FF5}"
EndProject
Project("{2150E333-8FDC-42A3-9474-1A3956D46DE8}") = "Diagnostics", "Diagnostics", "{18231C4F-5C4D-4ECB-88D5-D254FE275E30}"
EndProject
Project("{2150E333-8FDC-42A3-9474-1A3956D46DE8}") = "Forms", "Forms", "{1155D0BE-6B1C-498B-8069-70B87A4014EB}"
EndProject
Project("{2150E333-8FDC-42A3-9474-1A3956D46DE8}") = "Genetics", "Genetics", "{F6F08B81-3E00-4862-9DDA-DCDEF2B09799}"
EndProject
Project("{2150E333-8FDC-42A3-9474-1A3956D46DE8}") = "Geometrics", "Geometrics", "{90779D17-4903-49A1-8BC6-6BFBE5392ADD}"
EndProject
Project("{2150E333-8FDC-42A3-9474-1A3956D46DE8}") = "Intelligence", "Intelligence", "{2B85D8FC-07D9-40A9-8883-DAFF8BD2CA86}"
EndProject
Project("{2150E333-8FDC-42A3-9474-1A3956D46DE8}") = "Music", "Music", "{474BC879-0E6C-424A-AD74-06B8305D1696}"
EndProject
Project("{2150E333-8FDC-42A3-9474-1A3956D46DE8}") = "Structures", "Structures", "{1F14323C-3EC9-4E6A-9A7E-1F270B63263D}"
EndProject
Project("{2150E333-8FDC-42A3-9474-1A3956D46DE8}") = "Synthesis", "Synthesis", "{47BE2004-BC79-4989-9191-79EA1C47EA00}"
EndProject
Project("{FAE04EC0-301F-11D3-BF4B-00C04F79EFBC}") = "FlintLib.Music", "FlintLib.Music\FlintLib.Music.csproj", "{F509E88D-7F4E-4E70-AE39-6E5798382ADF}"
EndProject
Project("{FAE04EC0-301F-11D3-BF4B-00C04F79EFBC}") = "FlintLib.Music.Tests", "FlintLib.Music.Tests\FlintLib.Music.Tests.csproj", "{3E2A38AF-AF5C-4D8B-949C-197731C4F7B1}"
EndProject
Project("{FAE04EC0-301F-11D3-BF4B-00C04F79EFBC}") = "FlintLib.Builder", "FlintLib.Builder\FlintLib.Builder.csproj", "{AB78E415-F4DD-4026-B7BD-405A547EA06E}"
EndProject
Global
	GlobalSection(SolutionConfigurationPlatforms) = preSolution
		Debug|Any CPU = Debug|Any CPU
		Debug|ARM = Debug|ARM
		Debug|ARM64 = Debug|ARM64
		Debug|x64 = Debug|x64
		Debug|x86 = Debug|x86
		Release|Any CPU = Release|Any CPU
		Release|ARM = Release|ARM
		Release|ARM64 = Release|ARM64
		Release|x64 = Release|x64
		Release|x86 = Release|x86
	EndGlobalSection
	GlobalSection(ProjectConfigurationPlatforms) = postSolution
		{5DEEA8B9-FE52-4FCB-B9B5-A14FC50A27A1}.Debug|Any CPU.ActiveCfg = Debug|Any CPU
		{5DEEA8B9-FE52-4FCB-B9B5-A14FC50A27A1}.Debug|Any CPU.Build.0 = Debug|Any CPU
		{5DEEA8B9-FE52-4FCB-B9B5-A14FC50A27A1}.Debug|ARM.ActiveCfg = Debug|Any CPU
		{5DEEA8B9-FE52-4FCB-B9B5-A14FC50A27A1}.Debug|ARM.Build.0 = Debug|Any CPU
		{5DEEA8B9-FE52-4FCB-B9B5-A14FC50A27A1}.Debug|ARM64.ActiveCfg = Debug|Any CPU
		{5DEEA8B9-FE52-4FCB-B9B5-A14FC50A27A1}.Debug|ARM64.Build.0 = Debug|Any CPU
		{5DEEA8B9-FE52-4FCB-B9B5-A14FC50A27A1}.Debug|x64.ActiveCfg = Debug|Any CPU
		{5DEEA8B9-FE52-4FCB-B9B5-A14FC50A27A1}.Debug|x64.Build.0 = Debug|Any CPU
		{5DEEA8B9-FE52-4FCB-B9B5-A14FC50A27A1}.Debug|x86.ActiveCfg = Debug|Any CPU
		{5DEEA8B9-FE52-4FCB-B9B5-A14FC50A27A1}.Debug|x86.Build.0 = Debug|Any CPU
		{5DEEA8B9-FE52-4FCB-B9B5-A14FC50A27A1}.Release|Any CPU.ActiveCfg = Release|Any CPU
		{5DEEA8B9-FE52-4FCB-B9B5-A14FC50A27A1}.Release|Any CPU.Build.0 = Release|Any CPU
		{5DEEA8B9-FE52-4FCB-B9B5-A14FC50A27A1}.Release|ARM.ActiveCfg = Release|Any CPU
		{5DEEA8B9-FE52-4FCB-B9B5-A14FC50A27A1}.Release|ARM.Build.0 = Release|Any CPU
		{5DEEA8B9-FE52-4FCB-B9B5-A14FC50A27A1}.Release|ARM64.ActiveCfg = Release|Any CPU
		{5DEEA8B9-FE52-4FCB-B9B5-A14FC50A27A1}.Release|ARM64.Build.0 = Release|Any CPU
		{5DEEA8B9-FE52-4FCB-B9B5-A14FC50A27A1}.Release|x64.ActiveCfg = Release|Any CPU
		{5DEEA8B9-FE52-4FCB-B9B5-A14FC50A27A1}.Release|x64.Build.0 = Release|Any CPU
		{5DEEA8B9-FE52-4FCB-B9B5-A14FC50A27A1}.Release|x86.ActiveCfg = Release|Any CPU
		{5DEEA8B9-FE52-4FCB-B9B5-A14FC50A27A1}.Release|x86.Build.0 = Release|Any CPU
		{1C762692-E7AE-4DE2-B107-86017143CE21}.Debug|Any CPU.ActiveCfg = Debug|Any CPU
		{1C762692-E7AE-4DE2-B107-86017143CE21}.Debug|Any CPU.Build.0 = Debug|Any CPU
		{1C762692-E7AE-4DE2-B107-86017143CE21}.Debug|ARM.ActiveCfg = Debug|Any CPU
		{1C762692-E7AE-4DE2-B107-86017143CE21}.Debug|ARM.Build.0 = Debug|Any CPU
		{1C762692-E7AE-4DE2-B107-86017143CE21}.Debug|ARM64.ActiveCfg = Debug|Any CPU
		{1C762692-E7AE-4DE2-B107-86017143CE21}.Debug|ARM64.Build.0 = Debug|Any CPU
		{1C762692-E7AE-4DE2-B107-86017143CE21}.Debug|x64.ActiveCfg = Debug|Any CPU
		{1C762692-E7AE-4DE2-B107-86017143CE21}.Debug|x64.Build.0 = Debug|Any CPU
		{1C762692-E7AE-4DE2-B107-86017143CE21}.Debug|x86.ActiveCfg = Debug|Any CPU
		{1C762692-E7AE-4DE2-B107-86017143CE21}.Debug|x86.Build.0 = Debug|Any CPU
		{1C762692-E7AE-4DE2-B107-86017143CE21}.Release|Any CPU.ActiveCfg = Release|Any CPU
		{1C762692-E7AE-4DE2-B107-86017143CE21}.Release|Any CPU.Build.0 = Release|Any CPU
		{1C762692-E7AE-4DE2-B107-86017143CE21}.Release|ARM.ActiveCfg = Release|Any CPU
		{1C762692-E7AE-4DE2-B107-86017143CE21}.Release|ARM.Build.0 = Release|Any CPU
		{1C762692-E7AE-4DE2-B107-86017143CE21}.Release|ARM64.ActiveCfg = Release|Any CPU
		{1C762692-E7AE-4DE2-B107-86017143CE21}.Release|ARM64.Build.0 = Release|Any CPU
		{1C762692-E7AE-4DE2-B107-86017143CE21}.Release|x64.ActiveCfg = Release|Any CPU
		{1C762692-E7AE-4DE2-B107-86017143CE21}.Release|x64.Build.0 = Release|Any CPU
		{1C762692-E7AE-4DE2-B107-86017143CE21}.Release|x86.ActiveCfg = Release|Any CPU
		{1C762692-E7AE-4DE2-B107-86017143CE21}.Release|x86.Build.0 = Release|Any CPU
		{FFFE157B-9DB4-48A7-9A75-A2B39B94DE36}.Debug|Any CPU.ActiveCfg = Debug|Any CPU
		{FFFE157B-9DB4-48A7-9A75-A2B39B94DE36}.Debug|Any CPU.Build.0 = Debug|Any CPU
		{FFFE157B-9DB4-48A7-9A75-A2B39B94DE36}.Debug|ARM.ActiveCfg = Debug|Any CPU
		{FFFE157B-9DB4-48A7-9A75-A2B39B94DE36}.Debug|ARM.Build.0 = Debug|Any CPU
		{FFFE157B-9DB4-48A7-9A75-A2B39B94DE36}.Debug|ARM64.ActiveCfg = Debug|Any CPU
		{FFFE157B-9DB4-48A7-9A75-A2B39B94DE36}.Debug|ARM64.Build.0 = Debug|Any CPU
		{FFFE157B-9DB4-48A7-9A75-A2B39B94DE36}.Debug|x64.ActiveCfg = Debug|Any CPU
		{FFFE157B-9DB4-48A7-9A75-A2B39B94DE36}.Debug|x64.Build.0 = Debug|Any CPU
		{FFFE157B-9DB4-48A7-9A75-A2B39B94DE36}.Debug|x86.ActiveCfg = Debug|Any CPU
		{FFFE157B-9DB4-48A7-9A75-A2B39B94DE36}.Debug|x86.Build.0 = Debug|Any CPU
		{FFFE157B-9DB4-48A7-9A75-A2B39B94DE36}.Release|Any CPU.ActiveCfg = Release|Any CPU
		{FFFE157B-9DB4-48A7-9A75-A2B39B94DE36}.Release|Any CPU.Build.0 = Release|Any CPU
		{FFFE157B-9DB4-48A7-9A75-A2B39B94DE36}.Release|ARM.ActiveCfg = Release|Any CPU
		{FFFE157B-9DB4-48A7-9A75-A2B39B94DE36}.Release|ARM.Build.0 = Release|Any CPU
		{FFFE157B-9DB4-48A7-9A75-A2B39B94DE36}.Release|ARM64.ActiveCfg = Release|Any CPU
		{FFFE157B-9DB4-48A7-9A75-A2B39B94DE36}.Release|ARM64.Build.0 = Release|Any CPU
		{FFFE157B-9DB4-48A7-9A75-A2B39B94DE36}.Release|x64.ActiveCfg = Release|Any CPU
		{FFFE157B-9DB4-48A7-9A75-A2B39B94DE36}.Release|x64.Build.0 = Release|Any CPU
		{FFFE157B-9DB4-48A7-9A75-A2B39B94DE36}.Release|x86.ActiveCfg = Release|Any CPU
		{FFFE157B-9DB4-48A7-9A75-A2B39B94DE36}.Release|x86.Build.0 = Release|Any CPU
		{44D80F3E-321D-4DB3-8049-6D641B21D94C}.Debug|Any CPU.ActiveCfg = Debug|Any CPU
		{44D80F3E-321D-4DB3-8049-6D641B21D94C}.Debug|Any CPU.Build.0 = Debug|Any CPU
		{44D80F3E-321D-4DB3-8049-6D641B21D94C}.Debug|ARM.ActiveCfg = Debug|Any CPU
		{44D80F3E-321D-4DB3-8049-6D641B21D94C}.Debug|ARM.Build.0 = Debug|Any CPU
		{44D80F3E-321D-4DB3-8049-6D641B21D94C}.Debug|ARM64.ActiveCfg = Debug|Any CPU
		{44D80F3E-321D-4DB3-8049-6D641B21D94C}.Debug|ARM64.Build.0 = Debug|Any CPU
		{44D80F3E-321D-4DB3-8049-6D641B21D94C}.Debug|x64.ActiveCfg = Debug|Any CPU
		{44D80F3E-321D-4DB3-8049-6D641B21D94C}.Debug|x64.Build.0 = Debug|Any CPU
		{44D80F3E-321D-4DB3-8049-6D641B21D94C}.Debug|x86.ActiveCfg = Debug|Any CPU
		{44D80F3E-321D-4DB3-8049-6D641B21D94C}.Debug|x86.Build.0 = Debug|Any CPU
		{44D80F3E-321D-4DB3-8049-6D641B21D94C}.Release|Any CPU.ActiveCfg = Release|Any CPU
		{44D80F3E-321D-4DB3-8049-6D641B21D94C}.Release|Any CPU.Build.0 = Release|Any CPU
		{44D80F3E-321D-4DB3-8049-6D641B21D94C}.Release|ARM.ActiveCfg = Release|Any CPU
		{44D80F3E-321D-4DB3-8049-6D641B21D94C}.Release|ARM.Build.0 = Release|Any CPU
		{44D80F3E-321D-4DB3-8049-6D641B21D94C}.Release|ARM64.ActiveCfg = Release|Any CPU
		{44D80F3E-321D-4DB3-8049-6D641B21D94C}.Release|ARM64.Build.0 = Release|Any CPU
		{44D80F3E-321D-4DB3-8049-6D641B21D94C}.Release|x64.ActiveCfg = Release|Any CPU
		{44D80F3E-321D-4DB3-8049-6D641B21D94C}.Release|x64.Build.0 = Release|Any CPU
		{44D80F3E-321D-4DB3-8049-6D641B21D94C}.Release|x86.ActiveCfg = Release|Any CPU
		{44D80F3E-321D-4DB3-8049-6D641B21D94C}.Release|x86.Build.0 = Release|Any CPU
		{1501A789-A607-4905-93DE-B4DF51423D0C}.Debug|Any CPU.ActiveCfg = Debug|Any CPU
		{1501A789-A607-4905-93DE-B4DF51423D0C}.Debug|Any CPU.Build.0 = Debug|Any CPU
		{1501A789-A607-4905-93DE-B4DF51423D0C}.Debug|ARM.ActiveCfg = Debug|Any CPU
		{1501A789-A607-4905-93DE-B4DF51423D0C}.Debug|ARM.Build.0 = Debug|Any CPU
		{1501A789-A607-4905-93DE-B4DF51423D0C}.Debug|ARM64.ActiveCfg = Debug|Any CPU
		{1501A789-A607-4905-93DE-B4DF51423D0C}.Debug|ARM64.Build.0 = Debug|Any CPU
		{1501A789-A607-4905-93DE-B4DF51423D0C}.Debug|x64.ActiveCfg = Debug|Any CPU
		{1501A789-A607-4905-93DE-B4DF51423D0C}.Debug|x64.Build.0 = Debug|Any CPU
		{1501A789-A607-4905-93DE-B4DF51423D0C}.Debug|x86.ActiveCfg = Debug|Any CPU
		{1501A789-A607-4905-93DE-B4DF51423D0C}.Debug|x86.Build.0 = Debug|Any CPU
		{1501A789-A607-4905-93DE-B4DF51423D0C}.Release|Any CPU.ActiveCfg = Release|Any CPU
		{1501A789-A607-4905-93DE-B4DF51423D0C}.Release|Any CPU.Build.0 = Release|Any CPU
		{1501A789-A607-4905-93DE-B4DF51423D0C}.Release|ARM.ActiveCfg = Release|Any CPU
		{1501A789-A607-4905-93DE-B4DF51423D0C}.Release|ARM.Build.0 = Release|Any CPU
		{1501A789-A607-4905-93DE-B4DF51423D0C}.Release|ARM64.ActiveCfg = Release|Any CPU
		{1501A789-A607-4905-93DE-B4DF51423D0C}.Release|ARM64.Build.0 = Release|Any CPU
		{1501A789-A607-4905-93DE-B4DF51423D0C}.Release|x64.ActiveCfg = Release|Any CPU
		{1501A789-A607-4905-93DE-B4DF51423D0C}.Release|x64.Build.0 = Release|Any CPU
		{1501A789-A607-4905-93DE-B4DF51423D0C}.Release|x86.ActiveCfg = Release|Any CPU
		{1501A789-A607-4905-93DE-B4DF51423D0C}.Release|x86.Build.0 = Release|Any CPU
		{07B70176-9762-463F-AE1A-CE0F09B684B4}.Debug|Any CPU.ActiveCfg = Debug|Any CPU
		{07B70176-9762-463F-AE1A-CE0F09B684B4}.Debug|Any CPU.Build.0 = Debug|Any CPU
		{07B70176-9762-463F-AE1A-CE0F09B684B4}.Debug|ARM.ActiveCfg = Debug|Any CPU
		{07B70176-9762-463F-AE1A-CE0F09B684B4}.Debug|ARM.Build.0 = Debug|Any CPU
		{07B70176-9762-463F-AE1A-CE0F09B684B4}.Debug|ARM64.ActiveCfg = Debug|Any CPU
		{07B70176-9762-463F-AE1A-CE0F09B684B4}.Debug|ARM64.Build.0 = Debug|Any CPU
		{07B70176-9762-463F-AE1A-CE0F09B684B4}.Debug|x64.ActiveCfg = Debug|Any CPU
		{07B70176-9762-463F-AE1A-CE0F09B684B4}.Debug|x64.Build.0 = Debug|Any CPU
		{07B70176-9762-463F-AE1A-CE0F09B684B4}.Debug|x86.ActiveCfg = Debug|Any CPU
		{07B70176-9762-463F-AE1A-CE0F09B684B4}.Debug|x86.Build.0 = Debug|Any CPU
		{07B70176-9762-463F-AE1A-CE0F09B684B4}.Release|Any CPU.ActiveCfg = Release|Any CPU
		{07B70176-9762-463F-AE1A-CE0F09B684B4}.Release|Any CPU.Build.0 = Release|Any CPU
		{07B70176-9762-463F-AE1A-CE0F09B684B4}.Release|ARM.ActiveCfg = Release|Any CPU
		{07B70176-9762-463F-AE1A-CE0F09B684B4}.Release|ARM.Build.0 = Release|Any CPU
		{07B70176-9762-463F-AE1A-CE0F09B684B4}.Release|ARM64.ActiveCfg = Release|Any CPU
		{07B70176-9762-463F-AE1A-CE0F09B684B4}.Release|ARM64.Build.0 = Release|Any CPU
		{07B70176-9762-463F-AE1A-CE0F09B684B4}.Release|x64.ActiveCfg = Release|Any CPU
		{07B70176-9762-463F-AE1A-CE0F09B684B4}.Release|x64.Build.0 = Release|Any CPU
		{07B70176-9762-463F-AE1A-CE0F09B684B4}.Release|x86.ActiveCfg = Release|Any CPU
		{07B70176-9762-463F-AE1A-CE0F09B684B4}.Release|x86.Build.0 = Release|Any CPU
		{768027C7-700C-4CB0-90EA-69A64C56BED5}.Debug|Any CPU.ActiveCfg = Debug|Any CPU
		{768027C7-700C-4CB0-90EA-69A64C56BED5}.Debug|Any CPU.Build.0 = Debug|Any CPU
		{768027C7-700C-4CB0-90EA-69A64C56BED5}.Debug|ARM.ActiveCfg = Debug|Any CPU
		{768027C7-700C-4CB0-90EA-69A64C56BED5}.Debug|ARM.Build.0 = Debug|Any CPU
		{768027C7-700C-4CB0-90EA-69A64C56BED5}.Debug|ARM64.ActiveCfg = Debug|Any CPU
		{768027C7-700C-4CB0-90EA-69A64C56BED5}.Debug|ARM64.Build.0 = Debug|Any CPU
		{768027C7-700C-4CB0-90EA-69A64C56BED5}.Debug|x64.ActiveCfg = Debug|Any CPU
		{768027C7-700C-4CB0-90EA-69A64C56BED5}.Debug|x64.Build.0 = Debug|Any CPU
		{768027C7-700C-4CB0-90EA-69A64C56BED5}.Debug|x86.ActiveCfg = Debug|Any CPU
		{768027C7-700C-4CB0-90EA-69A64C56BED5}.Debug|x86.Build.0 = Debug|Any CPU
		{768027C7-700C-4CB0-90EA-69A64C56BED5}.Release|Any CPU.ActiveCfg = Release|Any CPU
		{768027C7-700C-4CB0-90EA-69A64C56BED5}.Release|Any CPU.Build.0 = Release|Any CPU
		{768027C7-700C-4CB0-90EA-69A64C56BED5}.Release|ARM.ActiveCfg = Release|Any CPU
		{768027C7-700C-4CB0-90EA-69A64C56BED5}.Release|ARM.Build.0 = Release|Any CPU
		{768027C7-700C-4CB0-90EA-69A64C56BED5}.Release|ARM64.ActiveCfg = Release|Any CPU
		{768027C7-700C-4CB0-90EA-69A64C56BED5}.Release|ARM64.Build.0 = Release|Any CPU
		{768027C7-700C-4CB0-90EA-69A64C56BED5}.Release|x64.ActiveCfg = Release|Any CPU
		{768027C7-700C-4CB0-90EA-69A64C56BED5}.Release|x64.Build.0 = Release|Any CPU
		{768027C7-700C-4CB0-90EA-69A64C56BED5}.Release|x86.ActiveCfg = Release|Any CPU
		{768027C7-700C-4CB0-90EA-69A64C56BED5}.Release|x86.Build.0 = Release|Any CPU
		{24A9A5A1-A58D-4A8F-890F-6DBD50A9B328}.Debug|Any CPU.ActiveCfg = Debug|Any CPU
		{24A9A5A1-A58D-4A8F-890F-6DBD50A9B328}.Debug|Any CPU.Build.0 = Debug|Any CPU
		{24A9A5A1-A58D-4A8F-890F-6DBD50A9B328}.Debug|ARM.ActiveCfg = Debug|Any CPU
		{24A9A5A1-A58D-4A8F-890F-6DBD50A9B328}.Debug|ARM.Build.0 = Debug|Any CPU
		{24A9A5A1-A58D-4A8F-890F-6DBD50A9B328}.Debug|ARM64.ActiveCfg = Debug|Any CPU
		{24A9A5A1-A58D-4A8F-890F-6DBD50A9B328}.Debug|ARM64.Build.0 = Debug|Any CPU
		{24A9A5A1-A58D-4A8F-890F-6DBD50A9B328}.Debug|x64.ActiveCfg = Debug|Any CPU
		{24A9A5A1-A58D-4A8F-890F-6DBD50A9B328}.Debug|x64.Build.0 = Debug|Any CPU
		{24A9A5A1-A58D-4A8F-890F-6DBD50A9B328}.Debug|x86.ActiveCfg = Debug|Any CPU
		{24A9A5A1-A58D-4A8F-890F-6DBD50A9B328}.Debug|x86.Build.0 = Debug|Any CPU
		{24A9A5A1-A58D-4A8F-890F-6DBD50A9B328}.Release|Any CPU.ActiveCfg = Release|Any CPU
		{24A9A5A1-A58D-4A8F-890F-6DBD50A9B328}.Release|Any CPU.Build.0 = Release|Any CPU
		{24A9A5A1-A58D-4A8F-890F-6DBD50A9B328}.Release|ARM.ActiveCfg = Release|Any CPU
		{24A9A5A1-A58D-4A8F-890F-6DBD50A9B328}.Release|ARM.Build.0 = Release|Any CPU
		{24A9A5A1-A58D-4A8F-890F-6DBD50A9B328}.Release|ARM64.ActiveCfg = Release|Any CPU
		{24A9A5A1-A58D-4A8F-890F-6DBD50A9B328}.Release|ARM64.Build.0 = Release|Any CPU
		{24A9A5A1-A58D-4A8F-890F-6DBD50A9B328}.Release|x64.ActiveCfg = Release|Any CPU
		{24A9A5A1-A58D-4A8F-890F-6DBD50A9B328}.Release|x64.Build.0 = Release|Any CPU
		{24A9A5A1-A58D-4A8F-890F-6DBD50A9B328}.Release|x86.ActiveCfg = Release|Any CPU
		{24A9A5A1-A58D-4A8F-890F-6DBD50A9B328}.Release|x86.Build.0 = Release|Any CPU
		{20EC6B62-9001-43A3-AD2E-9AADBE18A451}.Debug|Any CPU.ActiveCfg = Debug|Any CPU
		{20EC6B62-9001-43A3-AD2E-9AADBE18A451}.Debug|Any CPU.Build.0 = Debug|Any CPU
		{20EC6B62-9001-43A3-AD2E-9AADBE18A451}.Debug|ARM.ActiveCfg = Debug|Any CPU
		{20EC6B62-9001-43A3-AD2E-9AADBE18A451}.Debug|ARM.Build.0 = Debug|Any CPU
		{20EC6B62-9001-43A3-AD2E-9AADBE18A451}.Debug|ARM64.ActiveCfg = Debug|Any CPU
		{20EC6B62-9001-43A3-AD2E-9AADBE18A451}.Debug|ARM64.Build.0 = Debug|Any CPU
		{20EC6B62-9001-43A3-AD2E-9AADBE18A451}.Debug|x64.ActiveCfg = Debug|Any CPU
		{20EC6B62-9001-43A3-AD2E-9AADBE18A451}.Debug|x64.Build.0 = Debug|Any CPU
		{20EC6B62-9001-43A3-AD2E-9AADBE18A451}.Debug|x86.ActiveCfg = Debug|Any CPU
		{20EC6B62-9001-43A3-AD2E-9AADBE18A451}.Debug|x86.Build.0 = Debug|Any CPU
		{20EC6B62-9001-43A3-AD2E-9AADBE18A451}.Release|Any CPU.ActiveCfg = Release|Any CPU
		{20EC6B62-9001-43A3-AD2E-9AADBE18A451}.Release|Any CPU.Build.0 = Release|Any CPU
		{20EC6B62-9001-43A3-AD2E-9AADBE18A451}.Release|ARM.ActiveCfg = Release|Any CPU
		{20EC6B62-9001-43A3-AD2E-9AADBE18A451}.Release|ARM.Build.0 = Release|Any CPU
		{20EC6B62-9001-43A3-AD2E-9AADBE18A451}.Release|ARM64.ActiveCfg = Release|Any CPU
		{20EC6B62-9001-43A3-AD2E-9AADBE18A451}.Release|ARM64.Build.0 = Release|Any CPU
		{20EC6B62-9001-43A3-AD2E-9AADBE18A451}.Release|x64.ActiveCfg = Release|Any CPU
		{20EC6B62-9001-43A3-AD2E-9AADBE18A451}.Release|x64.Build.0 = Release|Any CPU
		{20EC6B62-9001-43A3-AD2E-9AADBE18A451}.Release|x86.ActiveCfg = Release|Any CPU
		{20EC6B62-9001-43A3-AD2E-9AADBE18A451}.Release|x86.Build.0 = Release|Any CPU
		{1F230CC0-62AC-40B8-A04F-A5082BB30EAB}.Debug|Any CPU.ActiveCfg = Debug|Any CPU
		{1F230CC0-62AC-40B8-A04F-A5082BB30EAB}.Debug|Any CPU.Build.0 = Debug|Any CPU
		{1F230CC0-62AC-40B8-A04F-A5082BB30EAB}.Debug|ARM.ActiveCfg = Debug|Any CPU
		{1F230CC0-62AC-40B8-A04F-A5082BB30EAB}.Debug|ARM.Build.0 = Debug|Any CPU
		{1F230CC0-62AC-40B8-A04F-A5082BB30EAB}.Debug|ARM64.ActiveCfg = Debug|Any CPU
		{1F230CC0-62AC-40B8-A04F-A5082BB30EAB}.Debug|ARM64.Build.0 = Debug|Any CPU
		{1F230CC0-62AC-40B8-A04F-A5082BB30EAB}.Debug|x64.ActiveCfg = Debug|Any CPU
		{1F230CC0-62AC-40B8-A04F-A5082BB30EAB}.Debug|x64.Build.0 = Debug|Any CPU
		{1F230CC0-62AC-40B8-A04F-A5082BB30EAB}.Debug|x86.ActiveCfg = Debug|Any CPU
		{1F230CC0-62AC-40B8-A04F-A5082BB30EAB}.Debug|x86.Build.0 = Debug|Any CPU
		{1F230CC0-62AC-40B8-A04F-A5082BB30EAB}.Release|Any CPU.ActiveCfg = Release|Any CPU
		{1F230CC0-62AC-40B8-A04F-A5082BB30EAB}.Release|Any CPU.Build.0 = Release|Any CPU
		{1F230CC0-62AC-40B8-A04F-A5082BB30EAB}.Release|ARM.ActiveCfg = Release|Any CPU
		{1F230CC0-62AC-40B8-A04F-A5082BB30EAB}.Release|ARM.Build.0 = Release|Any CPU
		{1F230CC0-62AC-40B8-A04F-A5082BB30EAB}.Release|ARM64.ActiveCfg = Release|Any CPU
		{1F230CC0-62AC-40B8-A04F-A5082BB30EAB}.Release|ARM64.Build.0 = Release|Any CPU
		{1F230CC0-62AC-40B8-A04F-A5082BB30EAB}.Release|x64.ActiveCfg = Release|Any CPU
		{1F230CC0-62AC-40B8-A04F-A5082BB30EAB}.Release|x64.Build.0 = Release|Any CPU
		{1F230CC0-62AC-40B8-A04F-A5082BB30EAB}.Release|x86.ActiveCfg = Release|Any CPU
		{1F230CC0-62AC-40B8-A04F-A5082BB30EAB}.Release|x86.Build.0 = Release|Any CPU
		{782701C3-59F4-49F0-9C15-740414456712}.Debug|Any CPU.ActiveCfg = Debug|Any CPU
		{782701C3-59F4-49F0-9C15-740414456712}.Debug|Any CPU.Build.0 = Debug|Any CPU
		{782701C3-59F4-49F0-9C15-740414456712}.Debug|ARM.ActiveCfg = Debug|Any CPU
		{782701C3-59F4-49F0-9C15-740414456712}.Debug|ARM.Build.0 = Debug|Any CPU
		{782701C3-59F4-49F0-9C15-740414456712}.Debug|ARM64.ActiveCfg = Debug|Any CPU
		{782701C3-59F4-49F0-9C15-740414456712}.Debug|ARM64.Build.0 = Debug|Any CPU
		{782701C3-59F4-49F0-9C15-740414456712}.Debug|x64.ActiveCfg = Debug|Any CPU
		{782701C3-59F4-49F0-9C15-740414456712}.Debug|x64.Build.0 = Debug|Any CPU
		{782701C3-59F4-49F0-9C15-740414456712}.Debug|x86.ActiveCfg = Debug|Any CPU
		{782701C3-59F4-49F0-9C15-740414456712}.Debug|x86.Build.0 = Debug|Any CPU
		{782701C3-59F4-49F0-9C15-740414456712}.Release|Any CPU.ActiveCfg = Release|Any CPU
		{782701C3-59F4-49F0-9C15-740414456712}.Release|Any CPU.Build.0 = Release|Any CPU
		{782701C3-59F4-49F0-9C15-740414456712}.Release|ARM.ActiveCfg = Release|Any CPU
		{782701C3-59F4-49F0-9C15-740414456712}.Release|ARM.Build.0 = Release|Any CPU
		{782701C3-59F4-49F0-9C15-740414456712}.Release|ARM64.ActiveCfg = Release|Any CPU
		{782701C3-59F4-49F0-9C15-740414456712}.Release|ARM64.Build.0 = Release|Any CPU
		{782701C3-59F4-49F0-9C15-740414456712}.Release|x64.ActiveCfg = Release|Any CPU
		{782701C3-59F4-49F0-9C15-740414456712}.Release|x64.Build.0 = Release|Any CPU
		{782701C3-59F4-49F0-9C15-740414456712}.Release|x86.ActiveCfg = Release|Any CPU
		{782701C3-59F4-49F0-9C15-740414456712}.Release|x86.Build.0 = Release|Any CPU
		{706BE5DE-43A5-4220-9AD7-197F6F6489A8}.Debug|Any CPU.ActiveCfg = Debug|Any CPU
		{706BE5DE-43A5-4220-9AD7-197F6F6489A8}.Debug|Any CPU.Build.0 = Debug|Any CPU
		{706BE5DE-43A5-4220-9AD7-197F6F6489A8}.Debug|ARM.ActiveCfg = Debug|Any CPU
		{706BE5DE-43A5-4220-9AD7-197F6F6489A8}.Debug|ARM.Build.0 = Debug|Any CPU
		{706BE5DE-43A5-4220-9AD7-197F6F6489A8}.Debug|ARM64.ActiveCfg = Debug|Any CPU
		{706BE5DE-43A5-4220-9AD7-197F6F6489A8}.Debug|ARM64.Build.0 = Debug|Any CPU
		{706BE5DE-43A5-4220-9AD7-197F6F6489A8}.Debug|x64.ActiveCfg = Debug|Any CPU
		{706BE5DE-43A5-4220-9AD7-197F6F6489A8}.Debug|x64.Build.0 = Debug|Any CPU
		{706BE5DE-43A5-4220-9AD7-197F6F6489A8}.Debug|x86.ActiveCfg = Debug|Any CPU
		{706BE5DE-43A5-4220-9AD7-197F6F6489A8}.Debug|x86.Build.0 = Debug|Any CPU
		{706BE5DE-43A5-4220-9AD7-197F6F6489A8}.Release|Any CPU.ActiveCfg = Release|Any CPU
		{706BE5DE-43A5-4220-9AD7-197F6F6489A8}.Release|Any CPU.Build.0 = Release|Any CPU
		{706BE5DE-43A5-4220-9AD7-197F6F6489A8}.Release|ARM.ActiveCfg = Release|Any CPU
		{706BE5DE-43A5-4220-9AD7-197F6F6489A8}.Release|ARM.Build.0 = Release|Any CPU
		{706BE5DE-43A5-4220-9AD7-197F6F6489A8}.Release|ARM64.ActiveCfg = Release|Any CPU
		{706BE5DE-43A5-4220-9AD7-197F6F6489A8}.Release|ARM64.Build.0 = Release|Any CPU
		{706BE5DE-43A5-4220-9AD7-197F6F6489A8}.Release|x64.ActiveCfg = Release|Any CPU
		{706BE5DE-43A5-4220-9AD7-197F6F6489A8}.Release|x64.Build.0 = Release|Any CPU
		{706BE5DE-43A5-4220-9AD7-197F6F6489A8}.Release|x86.ActiveCfg = Release|Any CPU
		{706BE5DE-43A5-4220-9AD7-197F6F6489A8}.Release|x86.Build.0 = Release|Any CPU
		{E8316D42-6A37-43DF-823D-F597690BD838}.Debug|Any CPU.ActiveCfg = Debug|Any CPU
		{E8316D42-6A37-43DF-823D-F597690BD838}.Debug|Any CPU.Build.0 = Debug|Any CPU
		{E8316D42-6A37-43DF-823D-F597690BD838}.Debug|ARM.ActiveCfg = Debug|Any CPU
		{E8316D42-6A37-43DF-823D-F597690BD838}.Debug|ARM.Build.0 = Debug|Any CPU
		{E8316D42-6A37-43DF-823D-F597690BD838}.Debug|ARM64.ActiveCfg = Debug|Any CPU
		{E8316D42-6A37-43DF-823D-F597690BD838}.Debug|ARM64.Build.0 = Debug|Any CPU
		{E8316D42-6A37-43DF-823D-F597690BD838}.Debug|x64.ActiveCfg = Debug|Any CPU
		{E8316D42-6A37-43DF-823D-F597690BD838}.Debug|x64.Build.0 = Debug|Any CPU
		{E8316D42-6A37-43DF-823D-F597690BD838}.Debug|x86.ActiveCfg = Debug|Any CPU
		{E8316D42-6A37-43DF-823D-F597690BD838}.Debug|x86.Build.0 = Debug|Any CPU
		{E8316D42-6A37-43DF-823D-F597690BD838}.Release|Any CPU.ActiveCfg = Release|Any CPU
		{E8316D42-6A37-43DF-823D-F597690BD838}.Release|Any CPU.Build.0 = Release|Any CPU
		{E8316D42-6A37-43DF-823D-F597690BD838}.Release|ARM.ActiveCfg = Release|Any CPU
		{E8316D42-6A37-43DF-823D-F597690BD838}.Release|ARM.Build.0 = Release|Any CPU
		{E8316D42-6A37-43DF-823D-F597690BD838}.Release|ARM64.ActiveCfg = Release|Any CPU
		{E8316D42-6A37-43DF-823D-F597690BD838}.Release|ARM64.Build.0 = Release|Any CPU
		{E8316D42-6A37-43DF-823D-F597690BD838}.Release|x64.ActiveCfg = Release|Any CPU
		{E8316D42-6A37-43DF-823D-F597690BD838}.Release|x64.Build.0 = Release|Any CPU
		{E8316D42-6A37-43DF-823D-F597690BD838}.Release|x86.ActiveCfg = Release|Any CPU
		{E8316D42-6A37-43DF-823D-F597690BD838}.Release|x86.Build.0 = Release|Any CPU
		{EEAAB1DC-47CC-47D3-88EE-1B8AE002FE46}.Debug|Any CPU.ActiveCfg = Debug|Any CPU
		{EEAAB1DC-47CC-47D3-88EE-1B8AE002FE46}.Debug|Any CPU.Build.0 = Debug|Any CPU
		{EEAAB1DC-47CC-47D3-88EE-1B8AE002FE46}.Debug|ARM.ActiveCfg = Debug|Any CPU
		{EEAAB1DC-47CC-47D3-88EE-1B8AE002FE46}.Debug|ARM.Build.0 = Debug|Any CPU
		{EEAAB1DC-47CC-47D3-88EE-1B8AE002FE46}.Debug|ARM64.ActiveCfg = Debug|Any CPU
		{EEAAB1DC-47CC-47D3-88EE-1B8AE002FE46}.Debug|ARM64.Build.0 = Debug|Any CPU
		{EEAAB1DC-47CC-47D3-88EE-1B8AE002FE46}.Debug|x64.ActiveCfg = Debug|Any CPU
		{EEAAB1DC-47CC-47D3-88EE-1B8AE002FE46}.Debug|x64.Build.0 = Debug|Any CPU
		{EEAAB1DC-47CC-47D3-88EE-1B8AE002FE46}.Debug|x86.ActiveCfg = Debug|Any CPU
		{EEAAB1DC-47CC-47D3-88EE-1B8AE002FE46}.Debug|x86.Build.0 = Debug|Any CPU
		{EEAAB1DC-47CC-47D3-88EE-1B8AE002FE46}.Release|Any CPU.ActiveCfg = Release|Any CPU
		{EEAAB1DC-47CC-47D3-88EE-1B8AE002FE46}.Release|Any CPU.Build.0 = Release|Any CPU
		{EEAAB1DC-47CC-47D3-88EE-1B8AE002FE46}.Release|ARM.ActiveCfg = Release|Any CPU
		{EEAAB1DC-47CC-47D3-88EE-1B8AE002FE46}.Release|ARM.Build.0 = Release|Any CPU
		{EEAAB1DC-47CC-47D3-88EE-1B8AE002FE46}.Release|ARM64.ActiveCfg = Release|Any CPU
		{EEAAB1DC-47CC-47D3-88EE-1B8AE002FE46}.Release|ARM64.Build.0 = Release|Any CPU
		{EEAAB1DC-47CC-47D3-88EE-1B8AE002FE46}.Release|x64.ActiveCfg = Release|Any CPU
		{EEAAB1DC-47CC-47D3-88EE-1B8AE002FE46}.Release|x64.Build.0 = Release|Any CPU
		{EEAAB1DC-47CC-47D3-88EE-1B8AE002FE46}.Release|x86.ActiveCfg = Release|Any CPU
		{EEAAB1DC-47CC-47D3-88EE-1B8AE002FE46}.Release|x86.Build.0 = Release|Any CPU
		{7FBBBCC5-FABF-4E25-A8B9-97B34C57FB34}.Debug|Any CPU.ActiveCfg = Debug|Any CPU
		{7FBBBCC5-FABF-4E25-A8B9-97B34C57FB34}.Debug|Any CPU.Build.0 = Debug|Any CPU
		{7FBBBCC5-FABF-4E25-A8B9-97B34C57FB34}.Debug|ARM.ActiveCfg = Debug|Any CPU
		{7FBBBCC5-FABF-4E25-A8B9-97B34C57FB34}.Debug|ARM.Build.0 = Debug|Any CPU
		{7FBBBCC5-FABF-4E25-A8B9-97B34C57FB34}.Debug|ARM64.ActiveCfg = Debug|Any CPU
		{7FBBBCC5-FABF-4E25-A8B9-97B34C57FB34}.Debug|ARM64.Build.0 = Debug|Any CPU
		{7FBBBCC5-FABF-4E25-A8B9-97B34C57FB34}.Debug|x64.ActiveCfg = Debug|Any CPU
		{7FBBBCC5-FABF-4E25-A8B9-97B34C57FB34}.Debug|x64.Build.0 = Debug|Any CPU
		{7FBBBCC5-FABF-4E25-A8B9-97B34C57FB34}.Debug|x86.ActiveCfg = Debug|Any CPU
		{7FBBBCC5-FABF-4E25-A8B9-97B34C57FB34}.Debug|x86.Build.0 = Debug|Any CPU
		{7FBBBCC5-FABF-4E25-A8B9-97B34C57FB34}.Release|Any CPU.ActiveCfg = Release|Any CPU
		{7FBBBCC5-FABF-4E25-A8B9-97B34C57FB34}.Release|Any CPU.Build.0 = Release|Any CPU
		{7FBBBCC5-FABF-4E25-A8B9-97B34C57FB34}.Release|ARM.ActiveCfg = Release|Any CPU
		{7FBBBCC5-FABF-4E25-A8B9-97B34C57FB34}.Release|ARM.Build.0 = Release|Any CPU
		{7FBBBCC5-FABF-4E25-A8B9-97B34C57FB34}.Release|ARM64.ActiveCfg = Release|Any CPU
		{7FBBBCC5-FABF-4E25-A8B9-97B34C57FB34}.Release|ARM64.Build.0 = Release|Any CPU
		{7FBBBCC5-FABF-4E25-A8B9-97B34C57FB34}.Release|x64.ActiveCfg = Release|Any CPU
		{7FBBBCC5-FABF-4E25-A8B9-97B34C57FB34}.Release|x64.Build.0 = Release|Any CPU
		{7FBBBCC5-FABF-4E25-A8B9-97B34C57FB34}.Release|x86.ActiveCfg = Release|Any CPU
		{7FBBBCC5-FABF-4E25-A8B9-97B34C57FB34}.Release|x86.Build.0 = Release|Any CPU
		{1A9D74EC-0677-404A-A9E6-D593A4111079}.Debug|Any CPU.ActiveCfg = Debug|Any CPU
		{1A9D74EC-0677-404A-A9E6-D593A4111079}.Debug|Any CPU.Build.0 = Debug|Any CPU
		{1A9D74EC-0677-404A-A9E6-D593A4111079}.Debug|ARM.ActiveCfg = Debug|Any CPU
		{1A9D74EC-0677-404A-A9E6-D593A4111079}.Debug|ARM.Build.0 = Debug|Any CPU
		{1A9D74EC-0677-404A-A9E6-D593A4111079}.Debug|ARM64.ActiveCfg = Debug|Any CPU
		{1A9D74EC-0677-404A-A9E6-D593A4111079}.Debug|ARM64.Build.0 = Debug|Any CPU
		{1A9D74EC-0677-404A-A9E6-D593A4111079}.Debug|x64.ActiveCfg = Debug|Any CPU
		{1A9D74EC-0677-404A-A9E6-D593A4111079}.Debug|x64.Build.0 = Debug|Any CPU
		{1A9D74EC-0677-404A-A9E6-D593A4111079}.Debug|x86.ActiveCfg = Debug|Any CPU
		{1A9D74EC-0677-404A-A9E6-D593A4111079}.Debug|x86.Build.0 = Debug|Any CPU
		{1A9D74EC-0677-404A-A9E6-D593A4111079}.Release|Any CPU.ActiveCfg = Release|Any CPU
		{1A9D74EC-0677-404A-A9E6-D593A4111079}.Release|Any CPU.Build.0 = Release|Any CPU
		{1A9D74EC-0677-404A-A9E6-D593A4111079}.Release|ARM.ActiveCfg = Release|Any CPU
		{1A9D74EC-0677-404A-A9E6-D593A4111079}.Release|ARM.Build.0 = Release|Any CPU
		{1A9D74EC-0677-404A-A9E6-D593A4111079}.Release|ARM64.ActiveCfg = Release|Any CPU
		{1A9D74EC-0677-404A-A9E6-D593A4111079}.Release|ARM64.Build.0 = Release|Any CPU
		{1A9D74EC-0677-404A-A9E6-D593A4111079}.Release|x64.ActiveCfg = Release|Any CPU
		{1A9D74EC-0677-404A-A9E6-D593A4111079}.Release|x64.Build.0 = Release|Any CPU
		{1A9D74EC-0677-404A-A9E6-D593A4111079}.Release|x86.ActiveCfg = Release|Any CPU
		{1A9D74EC-0677-404A-A9E6-D593A4111079}.Release|x86.Build.0 = Release|Any CPU
		{18119212-A9C6-4051-8850-4B0F8D2FC083}.Debug|Any CPU.ActiveCfg = Debug|Any CPU
		{18119212-A9C6-4051-8850-4B0F8D2FC083}.Debug|Any CPU.Build.0 = Debug|Any CPU
		{18119212-A9C6-4051-8850-4B0F8D2FC083}.Debug|ARM.ActiveCfg = Debug|Any CPU
		{18119212-A9C6-4051-8850-4B0F8D2FC083}.Debug|ARM.Build.0 = Debug|Any CPU
		{18119212-A9C6-4051-8850-4B0F8D2FC083}.Debug|ARM64.ActiveCfg = Debug|Any CPU
		{18119212-A9C6-4051-8850-4B0F8D2FC083}.Debug|ARM64.Build.0 = Debug|Any CPU
		{18119212-A9C6-4051-8850-4B0F8D2FC083}.Debug|x64.ActiveCfg = Debug|Any CPU
		{18119212-A9C6-4051-8850-4B0F8D2FC083}.Debug|x64.Build.0 = Debug|Any CPU
		{18119212-A9C6-4051-8850-4B0F8D2FC083}.Debug|x86.ActiveCfg = Debug|Any CPU
		{18119212-A9C6-4051-8850-4B0F8D2FC083}.Debug|x86.Build.0 = Debug|Any CPU
		{18119212-A9C6-4051-8850-4B0F8D2FC083}.Release|Any CPU.ActiveCfg = Release|Any CPU
		{18119212-A9C6-4051-8850-4B0F8D2FC083}.Release|Any CPU.Build.0 = Release|Any CPU
		{18119212-A9C6-4051-8850-4B0F8D2FC083}.Release|ARM.ActiveCfg = Release|Any CPU
		{18119212-A9C6-4051-8850-4B0F8D2FC083}.Release|ARM.Build.0 = Release|Any CPU
		{18119212-A9C6-4051-8850-4B0F8D2FC083}.Release|ARM64.ActiveCfg = Release|Any CPU
		{18119212-A9C6-4051-8850-4B0F8D2FC083}.Release|ARM64.Build.0 = Release|Any CPU
		{18119212-A9C6-4051-8850-4B0F8D2FC083}.Release|x64.ActiveCfg = Release|Any CPU
		{18119212-A9C6-4051-8850-4B0F8D2FC083}.Release|x64.Build.0 = Release|Any CPU
		{18119212-A9C6-4051-8850-4B0F8D2FC083}.Release|x86.ActiveCfg = Release|Any CPU
		{18119212-A9C6-4051-8850-4B0F8D2FC083}.Release|x86.Build.0 = Release|Any CPU
		{5F8C437C-8A5B-4DE9-91F7-56BF96EDCCC7}.Debug|Any CPU.ActiveCfg = Debug|Any CPU
		{5F8C437C-8A5B-4DE9-91F7-56BF96EDCCC7}.Debug|Any CPU.Build.0 = Debug|Any CPU
		{5F8C437C-8A5B-4DE9-91F7-56BF96EDCCC7}.Debug|ARM.ActiveCfg = Debug|Any CPU
		{5F8C437C-8A5B-4DE9-91F7-56BF96EDCCC7}.Debug|ARM.Build.0 = Debug|Any CPU
		{5F8C437C-8A5B-4DE9-91F7-56BF96EDCCC7}.Debug|ARM64.ActiveCfg = Debug|Any CPU
		{5F8C437C-8A5B-4DE9-91F7-56BF96EDCCC7}.Debug|ARM64.Build.0 = Debug|Any CPU
		{5F8C437C-8A5B-4DE9-91F7-56BF96EDCCC7}.Debug|x64.ActiveCfg = Debug|Any CPU
		{5F8C437C-8A5B-4DE9-91F7-56BF96EDCCC7}.Debug|x64.Build.0 = Debug|Any CPU
		{5F8C437C-8A5B-4DE9-91F7-56BF96EDCCC7}.Debug|x86.ActiveCfg = Debug|Any CPU
		{5F8C437C-8A5B-4DE9-91F7-56BF96EDCCC7}.Debug|x86.Build.0 = Debug|Any CPU
		{5F8C437C-8A5B-4DE9-91F7-56BF96EDCCC7}.Release|Any CPU.ActiveCfg = Release|Any CPU
		{5F8C437C-8A5B-4DE9-91F7-56BF96EDCCC7}.Release|Any CPU.Build.0 = Release|Any CPU
		{5F8C437C-8A5B-4DE9-91F7-56BF96EDCCC7}.Release|ARM.ActiveCfg = Release|Any CPU
		{5F8C437C-8A5B-4DE9-91F7-56BF96EDCCC7}.Release|ARM.Build.0 = Release|Any CPU
		{5F8C437C-8A5B-4DE9-91F7-56BF96EDCCC7}.Release|ARM64.ActiveCfg = Release|Any CPU
		{5F8C437C-8A5B-4DE9-91F7-56BF96EDCCC7}.Release|ARM64.Build.0 = Release|Any CPU
		{5F8C437C-8A5B-4DE9-91F7-56BF96EDCCC7}.Release|x64.ActiveCfg = Release|Any CPU
		{5F8C437C-8A5B-4DE9-91F7-56BF96EDCCC7}.Release|x64.Build.0 = Release|Any CPU
		{5F8C437C-8A5B-4DE9-91F7-56BF96EDCCC7}.Release|x86.ActiveCfg = Release|Any CPU
		{5F8C437C-8A5B-4DE9-91F7-56BF96EDCCC7}.Release|x86.Build.0 = Release|Any CPU
		{303E9A91-89D4-4D1B-9BAC-E409C51C066A}.Debug|Any CPU.ActiveCfg = Debug|Any CPU
		{303E9A91-89D4-4D1B-9BAC-E409C51C066A}.Debug|Any CPU.Build.0 = Debug|Any CPU
		{303E9A91-89D4-4D1B-9BAC-E409C51C066A}.Debug|ARM.ActiveCfg = Debug|Any CPU
		{303E9A91-89D4-4D1B-9BAC-E409C51C066A}.Debug|ARM.Build.0 = Debug|Any CPU
		{303E9A91-89D4-4D1B-9BAC-E409C51C066A}.Debug|ARM64.ActiveCfg = Debug|Any CPU
		{303E9A91-89D4-4D1B-9BAC-E409C51C066A}.Debug|ARM64.Build.0 = Debug|Any CPU
		{303E9A91-89D4-4D1B-9BAC-E409C51C066A}.Debug|x64.ActiveCfg = Debug|Any CPU
		{303E9A91-89D4-4D1B-9BAC-E409C51C066A}.Debug|x64.Build.0 = Debug|Any CPU
		{303E9A91-89D4-4D1B-9BAC-E409C51C066A}.Debug|x86.ActiveCfg = Debug|Any CPU
		{303E9A91-89D4-4D1B-9BAC-E409C51C066A}.Debug|x86.Build.0 = Debug|Any CPU
		{303E9A91-89D4-4D1B-9BAC-E409C51C066A}.Release|Any CPU.ActiveCfg = Release|Any CPU
		{303E9A91-89D4-4D1B-9BAC-E409C51C066A}.Release|Any CPU.Build.0 = Release|Any CPU
		{303E9A91-89D4-4D1B-9BAC-E409C51C066A}.Release|ARM.ActiveCfg = Release|Any CPU
		{303E9A91-89D4-4D1B-9BAC-E409C51C066A}.Release|ARM.Build.0 = Release|Any CPU
		{303E9A91-89D4-4D1B-9BAC-E409C51C066A}.Release|ARM64.ActiveCfg = Release|Any CPU
		{303E9A91-89D4-4D1B-9BAC-E409C51C066A}.Release|ARM64.Build.0 = Release|Any CPU
		{303E9A91-89D4-4D1B-9BAC-E409C51C066A}.Release|x64.ActiveCfg = Release|Any CPU
		{303E9A91-89D4-4D1B-9BAC-E409C51C066A}.Release|x64.Build.0 = Release|Any CPU
		{303E9A91-89D4-4D1B-9BAC-E409C51C066A}.Release|x86.ActiveCfg = Release|Any CPU
		{303E9A91-89D4-4D1B-9BAC-E409C51C066A}.Release|x86.Build.0 = Release|Any CPU
		{51682C34-0A6F-47A6-B6B6-B809D1A520D3}.Debug|Any CPU.ActiveCfg = Debug|Any CPU
		{51682C34-0A6F-47A6-B6B6-B809D1A520D3}.Debug|Any CPU.Build.0 = Debug|Any CPU
		{51682C34-0A6F-47A6-B6B6-B809D1A520D3}.Debug|ARM.ActiveCfg = Debug|Any CPU
		{51682C34-0A6F-47A6-B6B6-B809D1A520D3}.Debug|ARM.Build.0 = Debug|Any CPU
		{51682C34-0A6F-47A6-B6B6-B809D1A520D3}.Debug|ARM64.ActiveCfg = Debug|Any CPU
		{51682C34-0A6F-47A6-B6B6-B809D1A520D3}.Debug|ARM64.Build.0 = Debug|Any CPU
		{51682C34-0A6F-47A6-B6B6-B809D1A520D3}.Debug|x64.ActiveCfg = Debug|Any CPU
		{51682C34-0A6F-47A6-B6B6-B809D1A520D3}.Debug|x64.Build.0 = Debug|Any CPU
		{51682C34-0A6F-47A6-B6B6-B809D1A520D3}.Debug|x86.ActiveCfg = Debug|Any CPU
		{51682C34-0A6F-47A6-B6B6-B809D1A520D3}.Debug|x86.Build.0 = Debug|Any CPU
		{51682C34-0A6F-47A6-B6B6-B809D1A520D3}.Release|Any CPU.ActiveCfg = Release|Any CPU
		{51682C34-0A6F-47A6-B6B6-B809D1A520D3}.Release|Any CPU.Build.0 = Release|Any CPU
		{51682C34-0A6F-47A6-B6B6-B809D1A520D3}.Release|ARM.ActiveCfg = Release|Any CPU
		{51682C34-0A6F-47A6-B6B6-B809D1A520D3}.Release|ARM.Build.0 = Release|Any CPU
		{51682C34-0A6F-47A6-B6B6-B809D1A520D3}.Release|ARM64.ActiveCfg = Release|Any CPU
		{51682C34-0A6F-47A6-B6B6-B809D1A520D3}.Release|ARM64.Build.0 = Release|Any CPU
		{51682C34-0A6F-47A6-B6B6-B809D1A520D3}.Release|x64.ActiveCfg = Release|Any CPU
		{51682C34-0A6F-47A6-B6B6-B809D1A520D3}.Release|x64.Build.0 = Release|Any CPU
		{51682C34-0A6F-47A6-B6B6-B809D1A520D3}.Release|x86.ActiveCfg = Release|Any CPU
		{51682C34-0A6F-47A6-B6B6-B809D1A520D3}.Release|x86.Build.0 = Release|Any CPU
		{A3E04837-5AA2-4ECE-8FCE-C77EED74824C}.Debug|Any CPU.ActiveCfg = Debug|Any CPU
		{A3E04837-5AA2-4ECE-8FCE-C77EED74824C}.Debug|Any CPU.Build.0 = Debug|Any CPU
		{A3E04837-5AA2-4ECE-8FCE-C77EED74824C}.Debug|ARM.ActiveCfg = Debug|Any CPU
		{A3E04837-5AA2-4ECE-8FCE-C77EED74824C}.Debug|ARM.Build.0 = Debug|Any CPU
		{A3E04837-5AA2-4ECE-8FCE-C77EED74824C}.Debug|ARM64.ActiveCfg = Debug|Any CPU
		{A3E04837-5AA2-4ECE-8FCE-C77EED74824C}.Debug|ARM64.Build.0 = Debug|Any CPU
		{A3E04837-5AA2-4ECE-8FCE-C77EED74824C}.Debug|x64.ActiveCfg = Debug|Any CPU
		{A3E04837-5AA2-4ECE-8FCE-C77EED74824C}.Debug|x64.Build.0 = Debug|Any CPU
		{A3E04837-5AA2-4ECE-8FCE-C77EED74824C}.Debug|x86.ActiveCfg = Debug|Any CPU
		{A3E04837-5AA2-4ECE-8FCE-C77EED74824C}.Debug|x86.Build.0 = Debug|Any CPU
		{A3E04837-5AA2-4ECE-8FCE-C77EED74824C}.Release|Any CPU.ActiveCfg = Release|Any CPU
		{A3E04837-5AA2-4ECE-8FCE-C77EED74824C}.Release|Any CPU.Build.0 = Release|Any CPU
		{A3E04837-5AA2-4ECE-8FCE-C77EED74824C}.Release|ARM.ActiveCfg = Release|Any CPU
		{A3E04837-5AA2-4ECE-8FCE-C77EED74824C}.Release|ARM.Build.0 = Release|Any CPU
		{A3E04837-5AA2-4ECE-8FCE-C77EED74824C}.Release|ARM64.ActiveCfg = Release|Any CPU
		{A3E04837-5AA2-4ECE-8FCE-C77EED74824C}.Release|ARM64.Build.0 = Release|Any CPU
		{A3E04837-5AA2-4ECE-8FCE-C77EED74824C}.Release|x64.ActiveCfg = Release|Any CPU
		{A3E04837-5AA2-4ECE-8FCE-C77EED74824C}.Release|x64.Build.0 = Release|Any CPU
		{A3E04837-5AA2-4ECE-8FCE-C77EED74824C}.Release|x86.ActiveCfg = Release|Any CPU
		{A3E04837-5AA2-4ECE-8FCE-C77EED74824C}.Release|x86.Build.0 = Release|Any CPU
		{DB612024-DAA2-403D-856C-3315370C75BC}.Debug|Any CPU.ActiveCfg = Debug|Any CPU
		{DB612024-DAA2-403D-856C-3315370C75BC}.Debug|Any CPU.Build.0 = Debug|Any CPU
		{DB612024-DAA2-403D-856C-3315370C75BC}.Debug|ARM.ActiveCfg = Debug|Any CPU
		{DB612024-DAA2-403D-856C-3315370C75BC}.Debug|ARM.Build.0 = Debug|Any CPU
		{DB612024-DAA2-403D-856C-3315370C75BC}.Debug|ARM64.ActiveCfg = Debug|Any CPU
		{DB612024-DAA2-403D-856C-3315370C75BC}.Debug|ARM64.Build.0 = Debug|Any CPU
		{DB612024-DAA2-403D-856C-3315370C75BC}.Debug|x64.ActiveCfg = Debug|Any CPU
		{DB612024-DAA2-403D-856C-3315370C75BC}.Debug|x64.Build.0 = Debug|Any CPU
		{DB612024-DAA2-403D-856C-3315370C75BC}.Debug|x86.ActiveCfg = Debug|Any CPU
		{DB612024-DAA2-403D-856C-3315370C75BC}.Debug|x86.Build.0 = Debug|Any CPU
		{DB612024-DAA2-403D-856C-3315370C75BC}.Release|Any CPU.ActiveCfg = Release|Any CPU
		{DB612024-DAA2-403D-856C-3315370C75BC}.Release|Any CPU.Build.0 = Release|Any CPU
		{DB612024-DAA2-403D-856C-3315370C75BC}.Release|ARM.ActiveCfg = Release|Any CPU
		{DB612024-DAA2-403D-856C-3315370C75BC}.Release|ARM.Build.0 = Release|Any CPU
		{DB612024-DAA2-403D-856C-3315370C75BC}.Release|ARM64.ActiveCfg = Release|Any CPU
		{DB612024-DAA2-403D-856C-3315370C75BC}.Release|ARM64.Build.0 = Release|Any CPU
		{DB612024-DAA2-403D-856C-3315370C75BC}.Release|x64.ActiveCfg = Release|Any CPU
		{DB612024-DAA2-403D-856C-3315370C75BC}.Release|x64.Build.0 = Release|Any CPU
		{DB612024-DAA2-403D-856C-3315370C75BC}.Release|x86.ActiveCfg = Release|Any CPU
		{DB612024-DAA2-403D-856C-3315370C75BC}.Release|x86.Build.0 = Release|Any CPU
		{3E7A63EB-BA30-457E-A1AC-F7DE5E17CBF9}.Debug|Any CPU.ActiveCfg = Debug|Any CPU
		{3E7A63EB-BA30-457E-A1AC-F7DE5E17CBF9}.Debug|Any CPU.Build.0 = Debug|Any CPU
		{3E7A63EB-BA30-457E-A1AC-F7DE5E17CBF9}.Debug|ARM.ActiveCfg = Debug|Any CPU
		{3E7A63EB-BA30-457E-A1AC-F7DE5E17CBF9}.Debug|ARM.Build.0 = Debug|Any CPU
		{3E7A63EB-BA30-457E-A1AC-F7DE5E17CBF9}.Debug|ARM64.ActiveCfg = Debug|Any CPU
		{3E7A63EB-BA30-457E-A1AC-F7DE5E17CBF9}.Debug|ARM64.Build.0 = Debug|Any CPU
		{3E7A63EB-BA30-457E-A1AC-F7DE5E17CBF9}.Debug|x64.ActiveCfg = Debug|Any CPU
		{3E7A63EB-BA30-457E-A1AC-F7DE5E17CBF9}.Debug|x64.Build.0 = Debug|Any CPU
		{3E7A63EB-BA30-457E-A1AC-F7DE5E17CBF9}.Debug|x86.ActiveCfg = Debug|Any CPU
		{3E7A63EB-BA30-457E-A1AC-F7DE5E17CBF9}.Debug|x86.Build.0 = Debug|Any CPU
		{3E7A63EB-BA30-457E-A1AC-F7DE5E17CBF9}.Release|Any CPU.ActiveCfg = Release|Any CPU
		{3E7A63EB-BA30-457E-A1AC-F7DE5E17CBF9}.Release|Any CPU.Build.0 = Release|Any CPU
		{3E7A63EB-BA30-457E-A1AC-F7DE5E17CBF9}.Release|ARM.ActiveCfg = Release|Any CPU
		{3E7A63EB-BA30-457E-A1AC-F7DE5E17CBF9}.Release|ARM.Build.0 = Release|Any CPU
		{3E7A63EB-BA30-457E-A1AC-F7DE5E17CBF9}.Release|ARM64.ActiveCfg = Release|Any CPU
		{3E7A63EB-BA30-457E-A1AC-F7DE5E17CBF9}.Release|ARM64.Build.0 = Release|Any CPU
		{3E7A63EB-BA30-457E-A1AC-F7DE5E17CBF9}.Release|x64.ActiveCfg = Release|Any CPU
		{3E7A63EB-BA30-457E-A1AC-F7DE5E17CBF9}.Release|x64.Build.0 = Release|Any CPU
		{3E7A63EB-BA30-457E-A1AC-F7DE5E17CBF9}.Release|x86.ActiveCfg = Release|Any CPU
		{3E7A63EB-BA30-457E-A1AC-F7DE5E17CBF9}.Release|x86.Build.0 = Release|Any CPU
		{BEFFC00B-BBB2-421D-9DFF-11891AAB31C5}.Debug|Any CPU.ActiveCfg = Debug|Any CPU
		{BEFFC00B-BBB2-421D-9DFF-11891AAB31C5}.Debug|Any CPU.Build.0 = Debug|Any CPU
		{BEFFC00B-BBB2-421D-9DFF-11891AAB31C5}.Debug|ARM.ActiveCfg = Debug|Any CPU
		{BEFFC00B-BBB2-421D-9DFF-11891AAB31C5}.Debug|ARM.Build.0 = Debug|Any CPU
		{BEFFC00B-BBB2-421D-9DFF-11891AAB31C5}.Debug|ARM64.ActiveCfg = Debug|Any CPU
		{BEFFC00B-BBB2-421D-9DFF-11891AAB31C5}.Debug|ARM64.Build.0 = Debug|Any CPU
		{BEFFC00B-BBB2-421D-9DFF-11891AAB31C5}.Debug|x64.ActiveCfg = Debug|Any CPU
		{BEFFC00B-BBB2-421D-9DFF-11891AAB31C5}.Debug|x64.Build.0 = Debug|Any CPU
		{BEFFC00B-BBB2-421D-9DFF-11891AAB31C5}.Debug|x86.ActiveCfg = Debug|Any CPU
		{BEFFC00B-BBB2-421D-9DFF-11891AAB31C5}.Debug|x86.Build.0 = Debug|Any CPU
		{BEFFC00B-BBB2-421D-9DFF-11891AAB31C5}.Release|Any CPU.ActiveCfg = Release|Any CPU
		{BEFFC00B-BBB2-421D-9DFF-11891AAB31C5}.Release|Any CPU.Build.0 = Release|Any CPU
		{BEFFC00B-BBB2-421D-9DFF-11891AAB31C5}.Release|ARM.ActiveCfg = Release|Any CPU
		{BEFFC00B-BBB2-421D-9DFF-11891AAB31C5}.Release|ARM.Build.0 = Release|Any CPU
		{BEFFC00B-BBB2-421D-9DFF-11891AAB31C5}.Release|ARM64.ActiveCfg = Release|Any CPU
		{BEFFC00B-BBB2-421D-9DFF-11891AAB31C5}.Release|ARM64.Build.0 = Release|Any CPU
		{BEFFC00B-BBB2-421D-9DFF-11891AAB31C5}.Release|x64.ActiveCfg = Release|Any CPU
		{BEFFC00B-BBB2-421D-9DFF-11891AAB31C5}.Release|x64.Build.0 = Release|Any CPU
		{BEFFC00B-BBB2-421D-9DFF-11891AAB31C5}.Release|x86.ActiveCfg = Release|Any CPU
		{BEFFC00B-BBB2-421D-9DFF-11891AAB31C5}.Release|x86.Build.0 = Release|Any CPU
		{9FD54123-B800-46A0-8B71-ADC801718F2E}.Debug|Any CPU.ActiveCfg = Debug|Any CPU
		{9FD54123-B800-46A0-8B71-ADC801718F2E}.Debug|Any CPU.Build.0 = Debug|Any CPU
		{9FD54123-B800-46A0-8B71-ADC801718F2E}.Debug|ARM.ActiveCfg = Debug|Any CPU
		{9FD54123-B800-46A0-8B71-ADC801718F2E}.Debug|ARM.Build.0 = Debug|Any CPU
		{9FD54123-B800-46A0-8B71-ADC801718F2E}.Debug|ARM64.ActiveCfg = Debug|Any CPU
		{9FD54123-B800-46A0-8B71-ADC801718F2E}.Debug|ARM64.Build.0 = Debug|Any CPU
		{9FD54123-B800-46A0-8B71-ADC801718F2E}.Debug|x64.ActiveCfg = Debug|Any CPU
		{9FD54123-B800-46A0-8B71-ADC801718F2E}.Debug|x64.Build.0 = Debug|Any CPU
		{9FD54123-B800-46A0-8B71-ADC801718F2E}.Debug|x86.ActiveCfg = Debug|Any CPU
		{9FD54123-B800-46A0-8B71-ADC801718F2E}.Debug|x86.Build.0 = Debug|Any CPU
		{9FD54123-B800-46A0-8B71-ADC801718F2E}.Release|Any CPU.ActiveCfg = Release|Any CPU
		{9FD54123-B800-46A0-8B71-ADC801718F2E}.Release|Any CPU.Build.0 = Release|Any CPU
		{9FD54123-B800-46A0-8B71-ADC801718F2E}.Release|ARM.ActiveCfg = Release|Any CPU
		{9FD54123-B800-46A0-8B71-ADC801718F2E}.Release|ARM.Build.0 = Release|Any CPU
		{9FD54123-B800-46A0-8B71-ADC801718F2E}.Release|ARM64.ActiveCfg = Release|Any CPU
		{9FD54123-B800-46A0-8B71-ADC801718F2E}.Release|ARM64.Build.0 = Release|Any CPU
		{9FD54123-B800-46A0-8B71-ADC801718F2E}.Release|x64.ActiveCfg = Release|Any CPU
		{9FD54123-B800-46A0-8B71-ADC801718F2E}.Release|x64.Build.0 = Release|Any CPU
		{9FD54123-B800-46A0-8B71-ADC801718F2E}.Release|x86.ActiveCfg = Release|Any CPU
		{9FD54123-B800-46A0-8B71-ADC801718F2E}.Release|x86.Build.0 = Release|Any CPU
		{4751708A-4570-4589-86E6-F9FB3CB4C400}.Debug|Any CPU.ActiveCfg = Debug|Any CPU
		{4751708A-4570-4589-86E6-F9FB3CB4C400}.Debug|Any CPU.Build.0 = Debug|Any CPU
		{4751708A-4570-4589-86E6-F9FB3CB4C400}.Debug|ARM.ActiveCfg = Debug|Any CPU
		{4751708A-4570-4589-86E6-F9FB3CB4C400}.Debug|ARM.Build.0 = Debug|Any CPU
		{4751708A-4570-4589-86E6-F9FB3CB4C400}.Debug|ARM64.ActiveCfg = Debug|Any CPU
		{4751708A-4570-4589-86E6-F9FB3CB4C400}.Debug|ARM64.Build.0 = Debug|Any CPU
		{4751708A-4570-4589-86E6-F9FB3CB4C400}.Debug|x64.ActiveCfg = Debug|Any CPU
		{4751708A-4570-4589-86E6-F9FB3CB4C400}.Debug|x64.Build.0 = Debug|Any CPU
		{4751708A-4570-4589-86E6-F9FB3CB4C400}.Debug|x86.ActiveCfg = Debug|Any CPU
		{4751708A-4570-4589-86E6-F9FB3CB4C400}.Debug|x86.Build.0 = Debug|Any CPU
		{4751708A-4570-4589-86E6-F9FB3CB4C400}.Release|Any CPU.ActiveCfg = Release|Any CPU
		{4751708A-4570-4589-86E6-F9FB3CB4C400}.Release|Any CPU.Build.0 = Release|Any CPU
		{4751708A-4570-4589-86E6-F9FB3CB4C400}.Release|ARM.ActiveCfg = Release|Any CPU
		{4751708A-4570-4589-86E6-F9FB3CB4C400}.Release|ARM.Build.0 = Release|Any CPU
		{4751708A-4570-4589-86E6-F9FB3CB4C400}.Release|ARM64.ActiveCfg = Release|Any CPU
		{4751708A-4570-4589-86E6-F9FB3CB4C400}.Release|ARM64.Build.0 = Release|Any CPU
		{4751708A-4570-4589-86E6-F9FB3CB4C400}.Release|x64.ActiveCfg = Release|Any CPU
		{4751708A-4570-4589-86E6-F9FB3CB4C400}.Release|x64.Build.0 = Release|Any CPU
		{4751708A-4570-4589-86E6-F9FB3CB4C400}.Release|x86.ActiveCfg = Release|Any CPU
		{4751708A-4570-4589-86E6-F9FB3CB4C400}.Release|x86.Build.0 = Release|Any CPU
		{4C4B61DF-6B01-460E-AC12-7BEE5A37723F}.Debug|Any CPU.ActiveCfg = Debug|Any CPU
		{4C4B61DF-6B01-460E-AC12-7BEE5A37723F}.Debug|Any CPU.Build.0 = Debug|Any CPU
		{4C4B61DF-6B01-460E-AC12-7BEE5A37723F}.Debug|ARM.ActiveCfg = Debug|Any CPU
		{4C4B61DF-6B01-460E-AC12-7BEE5A37723F}.Debug|ARM.Build.0 = Debug|Any CPU
		{4C4B61DF-6B01-460E-AC12-7BEE5A37723F}.Debug|ARM64.ActiveCfg = Debug|Any CPU
		{4C4B61DF-6B01-460E-AC12-7BEE5A37723F}.Debug|ARM64.Build.0 = Debug|Any CPU
		{4C4B61DF-6B01-460E-AC12-7BEE5A37723F}.Debug|x64.ActiveCfg = Debug|Any CPU
		{4C4B61DF-6B01-460E-AC12-7BEE5A37723F}.Debug|x64.Build.0 = Debug|Any CPU
		{4C4B61DF-6B01-460E-AC12-7BEE5A37723F}.Debug|x86.ActiveCfg = Debug|Any CPU
		{4C4B61DF-6B01-460E-AC12-7BEE5A37723F}.Debug|x86.Build.0 = Debug|Any CPU
		{4C4B61DF-6B01-460E-AC12-7BEE5A37723F}.Release|Any CPU.ActiveCfg = Release|Any CPU
		{4C4B61DF-6B01-460E-AC12-7BEE5A37723F}.Release|Any CPU.Build.0 = Release|Any CPU
		{4C4B61DF-6B01-460E-AC12-7BEE5A37723F}.Release|ARM.ActiveCfg = Release|Any CPU
		{4C4B61DF-6B01-460E-AC12-7BEE5A37723F}.Release|ARM.Build.0 = Release|Any CPU
		{4C4B61DF-6B01-460E-AC12-7BEE5A37723F}.Release|ARM64.ActiveCfg = Release|Any CPU
		{4C4B61DF-6B01-460E-AC12-7BEE5A37723F}.Release|ARM64.Build.0 = Release|Any CPU
		{4C4B61DF-6B01-460E-AC12-7BEE5A37723F}.Release|x64.ActiveCfg = Release|Any CPU
		{4C4B61DF-6B01-460E-AC12-7BEE5A37723F}.Release|x64.Build.0 = Release|Any CPU
		{4C4B61DF-6B01-460E-AC12-7BEE5A37723F}.Release|x86.ActiveCfg = Release|Any CPU
		{4C4B61DF-6B01-460E-AC12-7BEE5A37723F}.Release|x86.Build.0 = Release|Any CPU
		{A4FB5729-8545-4FA1-9E3F-5AEA56324402}.Debug|Any CPU.ActiveCfg = Debug|Any CPU
		{A4FB5729-8545-4FA1-9E3F-5AEA56324402}.Debug|Any CPU.Build.0 = Debug|Any CPU
		{A4FB5729-8545-4FA1-9E3F-5AEA56324402}.Debug|ARM.ActiveCfg = Debug|ARM
		{A4FB5729-8545-4FA1-9E3F-5AEA56324402}.Debug|ARM.Build.0 = Debug|ARM
		{A4FB5729-8545-4FA1-9E3F-5AEA56324402}.Debug|ARM64.ActiveCfg = Debug|ARM64
		{A4FB5729-8545-4FA1-9E3F-5AEA56324402}.Debug|ARM64.Build.0 = Debug|ARM64
		{A4FB5729-8545-4FA1-9E3F-5AEA56324402}.Debug|x64.ActiveCfg = Debug|x64
		{A4FB5729-8545-4FA1-9E3F-5AEA56324402}.Debug|x64.Build.0 = Debug|x64
		{A4FB5729-8545-4FA1-9E3F-5AEA56324402}.Debug|x86.ActiveCfg = Debug|x86
		{A4FB5729-8545-4FA1-9E3F-5AEA56324402}.Debug|x86.Build.0 = Debug|x86
		{A4FB5729-8545-4FA1-9E3F-5AEA56324402}.Release|Any CPU.ActiveCfg = Release|Any CPU
		{A4FB5729-8545-4FA1-9E3F-5AEA56324402}.Release|Any CPU.Build.0 = Release|Any CPU
		{A4FB5729-8545-4FA1-9E3F-5AEA56324402}.Release|ARM.ActiveCfg = Release|ARM
		{A4FB5729-8545-4FA1-9E3F-5AEA56324402}.Release|ARM.Build.0 = Release|ARM
		{A4FB5729-8545-4FA1-9E3F-5AEA56324402}.Release|ARM64.ActiveCfg = Release|ARM64
		{A4FB5729-8545-4FA1-9E3F-5AEA56324402}.Release|ARM64.Build.0 = Release|ARM64
		{A4FB5729-8545-4FA1-9E3F-5AEA56324402}.Release|x64.ActiveCfg = Release|x64
		{A4FB5729-8545-4FA1-9E3F-5AEA56324402}.Release|x64.Build.0 = Release|x64
		{A4FB5729-8545-4FA1-9E3F-5AEA56324402}.Release|x86.ActiveCfg = Release|x86
		{A4FB5729-8545-4FA1-9E3F-5AEA56324402}.Release|x86.Build.0 = Release|x86
		{78AA6EAD-A00A-454F-90CD-93C03AEDD706}.Debug|Any CPU.ActiveCfg = Debug|Any CPU
		{78AA6EAD-A00A-454F-90CD-93C03AEDD706}.Debug|Any CPU.Build.0 = Debug|Any CPU
		{78AA6EAD-A00A-454F-90CD-93C03AEDD706}.Debug|ARM.ActiveCfg = Debug|Any CPU
		{78AA6EAD-A00A-454F-90CD-93C03AEDD706}.Debug|ARM.Build.0 = Debug|Any CPU
		{78AA6EAD-A00A-454F-90CD-93C03AEDD706}.Debug|ARM64.ActiveCfg = Debug|Any CPU
		{78AA6EAD-A00A-454F-90CD-93C03AEDD706}.Debug|ARM64.Build.0 = Debug|Any CPU
		{78AA6EAD-A00A-454F-90CD-93C03AEDD706}.Debug|x64.ActiveCfg = Debug|Any CPU
		{78AA6EAD-A00A-454F-90CD-93C03AEDD706}.Debug|x64.Build.0 = Debug|Any CPU
		{78AA6EAD-A00A-454F-90CD-93C03AEDD706}.Debug|x86.ActiveCfg = Debug|Any CPU
		{78AA6EAD-A00A-454F-90CD-93C03AEDD706}.Debug|x86.Build.0 = Debug|Any CPU
		{78AA6EAD-A00A-454F-90CD-93C03AEDD706}.Release|Any CPU.ActiveCfg = Release|Any CPU
		{78AA6EAD-A00A-454F-90CD-93C03AEDD706}.Release|Any CPU.Build.0 = Release|Any CPU
		{78AA6EAD-A00A-454F-90CD-93C03AEDD706}.Release|ARM.ActiveCfg = Release|Any CPU
		{78AA6EAD-A00A-454F-90CD-93C03AEDD706}.Release|ARM.Build.0 = Release|Any CPU
		{78AA6EAD-A00A-454F-90CD-93C03AEDD706}.Release|ARM64.ActiveCfg = Release|Any CPU
		{78AA6EAD-A00A-454F-90CD-93C03AEDD706}.Release|ARM64.Build.0 = Release|Any CPU
		{78AA6EAD-A00A-454F-90CD-93C03AEDD706}.Release|x64.ActiveCfg = Release|Any CPU
		{78AA6EAD-A00A-454F-90CD-93C03AEDD706}.Release|x64.Build.0 = Release|Any CPU
		{78AA6EAD-A00A-454F-90CD-93C03AEDD706}.Release|x86.ActiveCfg = Release|Any CPU
		{78AA6EAD-A00A-454F-90CD-93C03AEDD706}.Release|x86.Build.0 = Release|Any CPU
		{3E554F51-F1E7-492C-8EBC-894E3FD99C0F}.Debug|Any CPU.ActiveCfg = Debug|Any CPU
		{3E554F51-F1E7-492C-8EBC-894E3FD99C0F}.Debug|Any CPU.Build.0 = Debug|Any CPU
		{3E554F51-F1E7-492C-8EBC-894E3FD99C0F}.Debug|ARM.ActiveCfg = Debug|ARM
		{3E554F51-F1E7-492C-8EBC-894E3FD99C0F}.Debug|ARM.Build.0 = Debug|ARM
		{3E554F51-F1E7-492C-8EBC-894E3FD99C0F}.Debug|ARM64.ActiveCfg = Debug|ARM64
		{3E554F51-F1E7-492C-8EBC-894E3FD99C0F}.Debug|ARM64.Build.0 = Debug|ARM64
		{3E554F51-F1E7-492C-8EBC-894E3FD99C0F}.Debug|x64.ActiveCfg = Debug|x64
		{3E554F51-F1E7-492C-8EBC-894E3FD99C0F}.Debug|x64.Build.0 = Debug|x64
		{3E554F51-F1E7-492C-8EBC-894E3FD99C0F}.Debug|x86.ActiveCfg = Debug|x86
		{3E554F51-F1E7-492C-8EBC-894E3FD99C0F}.Debug|x86.Build.0 = Debug|x86
		{3E554F51-F1E7-492C-8EBC-894E3FD99C0F}.Release|Any CPU.ActiveCfg = Release|Any CPU
		{3E554F51-F1E7-492C-8EBC-894E3FD99C0F}.Release|Any CPU.Build.0 = Release|Any CPU
		{3E554F51-F1E7-492C-8EBC-894E3FD99C0F}.Release|ARM.ActiveCfg = Release|ARM
		{3E554F51-F1E7-492C-8EBC-894E3FD99C0F}.Release|ARM.Build.0 = Release|ARM
		{3E554F51-F1E7-492C-8EBC-894E3FD99C0F}.Release|ARM64.ActiveCfg = Release|ARM64
		{3E554F51-F1E7-492C-8EBC-894E3FD99C0F}.Release|ARM64.Build.0 = Release|ARM64
		{3E554F51-F1E7-492C-8EBC-894E3FD99C0F}.Release|x64.ActiveCfg = Release|x64
		{3E554F51-F1E7-492C-8EBC-894E3FD99C0F}.Release|x64.Build.0 = Release|x64
		{3E554F51-F1E7-492C-8EBC-894E3FD99C0F}.Release|x86.ActiveCfg = Release|x86
		{3E554F51-F1E7-492C-8EBC-894E3FD99C0F}.Release|x86.Build.0 = Release|x86
		{B5DD02F7-32BC-4B40-9775-AB055E29B1FC}.Debug|Any CPU.ActiveCfg = Debug|Any CPU
		{B5DD02F7-32BC-4B40-9775-AB055E29B1FC}.Debug|Any CPU.Build.0 = Debug|Any CPU
		{B5DD02F7-32BC-4B40-9775-AB055E29B1FC}.Debug|ARM.ActiveCfg = Debug|Any CPU
		{B5DD02F7-32BC-4B40-9775-AB055E29B1FC}.Debug|ARM.Build.0 = Debug|Any CPU
		{B5DD02F7-32BC-4B40-9775-AB055E29B1FC}.Debug|ARM64.ActiveCfg = Debug|Any CPU
		{B5DD02F7-32BC-4B40-9775-AB055E29B1FC}.Debug|ARM64.Build.0 = Debug|Any CPU
		{B5DD02F7-32BC-4B40-9775-AB055E29B1FC}.Debug|x64.ActiveCfg = Debug|Any CPU
		{B5DD02F7-32BC-4B40-9775-AB055E29B1FC}.Debug|x64.Build.0 = Debug|Any CPU
		{B5DD02F7-32BC-4B40-9775-AB055E29B1FC}.Debug|x86.ActiveCfg = Debug|Any CPU
		{B5DD02F7-32BC-4B40-9775-AB055E29B1FC}.Debug|x86.Build.0 = Debug|Any CPU
		{B5DD02F7-32BC-4B40-9775-AB055E29B1FC}.Release|Any CPU.ActiveCfg = Release|Any CPU
		{B5DD02F7-32BC-4B40-9775-AB055E29B1FC}.Release|Any CPU.Build.0 = Release|Any CPU
		{B5DD02F7-32BC-4B40-9775-AB055E29B1FC}.Release|ARM.ActiveCfg = Release|Any CPU
		{B5DD02F7-32BC-4B40-9775-AB055E29B1FC}.Release|ARM.Build.0 = Release|Any CPU
		{B5DD02F7-32BC-4B40-9775-AB055E29B1FC}.Release|ARM64.ActiveCfg = Release|Any CPU
		{B5DD02F7-32BC-4B40-9775-AB055E29B1FC}.Release|ARM64.Build.0 = Release|Any CPU
		{B5DD02F7-32BC-4B40-9775-AB055E29B1FC}.Release|x64.ActiveCfg = Release|Any CPU
		{B5DD02F7-32BC-4B40-9775-AB055E29B1FC}.Release|x64.Build.0 = Release|Any CPU
		{B5DD02F7-32BC-4B40-9775-AB055E29B1FC}.Release|x86.ActiveCfg = Release|Any CPU
		{B5DD02F7-32BC-4B40-9775-AB055E29B1FC}.Release|x86.Build.0 = Release|Any CPU
		{F509E88D-7F4E-4E70-AE39-6E5798382ADF}.Debug|Any CPU.ActiveCfg = Debug|Any CPU
		{F509E88D-7F4E-4E70-AE39-6E5798382ADF}.Debug|Any CPU.Build.0 = Debug|Any CPU
		{F509E88D-7F4E-4E70-AE39-6E5798382ADF}.Debug|ARM.ActiveCfg = Debug|Any CPU
		{F509E88D-7F4E-4E70-AE39-6E5798382ADF}.Debug|ARM.Build.0 = Debug|Any CPU
		{F509E88D-7F4E-4E70-AE39-6E5798382ADF}.Debug|ARM64.ActiveCfg = Debug|Any CPU
		{F509E88D-7F4E-4E70-AE39-6E5798382ADF}.Debug|ARM64.Build.0 = Debug|Any CPU
		{F509E88D-7F4E-4E70-AE39-6E5798382ADF}.Debug|x64.ActiveCfg = Debug|Any CPU
		{F509E88D-7F4E-4E70-AE39-6E5798382ADF}.Debug|x64.Build.0 = Debug|Any CPU
		{F509E88D-7F4E-4E70-AE39-6E5798382ADF}.Debug|x86.ActiveCfg = Debug|Any CPU
		{F509E88D-7F4E-4E70-AE39-6E5798382ADF}.Debug|x86.Build.0 = Debug|Any CPU
		{F509E88D-7F4E-4E70-AE39-6E5798382ADF}.Release|Any CPU.ActiveCfg = Release|Any CPU
		{F509E88D-7F4E-4E70-AE39-6E5798382ADF}.Release|Any CPU.Build.0 = Release|Any CPU
		{F509E88D-7F4E-4E70-AE39-6E5798382ADF}.Release|ARM.ActiveCfg = Release|Any CPU
		{F509E88D-7F4E-4E70-AE39-6E5798382ADF}.Release|ARM.Build.0 = Release|Any CPU
		{F509E88D-7F4E-4E70-AE39-6E5798382ADF}.Release|ARM64.ActiveCfg = Release|Any CPU
		{F509E88D-7F4E-4E70-AE39-6E5798382ADF}.Release|ARM64.Build.0 = Release|Any CPU
		{F509E88D-7F4E-4E70-AE39-6E5798382ADF}.Release|x64.ActiveCfg = Release|Any CPU
		{F509E88D-7F4E-4E70-AE39-6E5798382ADF}.Release|x64.Build.0 = Release|Any CPU
		{F509E88D-7F4E-4E70-AE39-6E5798382ADF}.Release|x86.ActiveCfg = Release|Any CPU
		{F509E88D-7F4E-4E70-AE39-6E5798382ADF}.Release|x86.Build.0 = Release|Any CPU
		{3E2A38AF-AF5C-4D8B-949C-197731C4F7B1}.Debug|Any CPU.ActiveCfg = Debug|Any CPU
		{3E2A38AF-AF5C-4D8B-949C-197731C4F7B1}.Debug|Any CPU.Build.0 = Debug|Any CPU
		{3E2A38AF-AF5C-4D8B-949C-197731C4F7B1}.Debug|ARM.ActiveCfg = Debug|Any CPU
		{3E2A38AF-AF5C-4D8B-949C-197731C4F7B1}.Debug|ARM.Build.0 = Debug|Any CPU
		{3E2A38AF-AF5C-4D8B-949C-197731C4F7B1}.Debug|ARM64.ActiveCfg = Debug|Any CPU
		{3E2A38AF-AF5C-4D8B-949C-197731C4F7B1}.Debug|ARM64.Build.0 = Debug|Any CPU
		{3E2A38AF-AF5C-4D8B-949C-197731C4F7B1}.Debug|x64.ActiveCfg = Debug|Any CPU
		{3E2A38AF-AF5C-4D8B-949C-197731C4F7B1}.Debug|x64.Build.0 = Debug|Any CPU
		{3E2A38AF-AF5C-4D8B-949C-197731C4F7B1}.Debug|x86.ActiveCfg = Debug|Any CPU
		{3E2A38AF-AF5C-4D8B-949C-197731C4F7B1}.Debug|x86.Build.0 = Debug|Any CPU
		{3E2A38AF-AF5C-4D8B-949C-197731C4F7B1}.Release|Any CPU.ActiveCfg = Release|Any CPU
		{3E2A38AF-AF5C-4D8B-949C-197731C4F7B1}.Release|Any CPU.Build.0 = Release|Any CPU
		{3E2A38AF-AF5C-4D8B-949C-197731C4F7B1}.Release|ARM.ActiveCfg = Release|Any CPU
		{3E2A38AF-AF5C-4D8B-949C-197731C4F7B1}.Release|ARM.Build.0 = Release|Any CPU
		{3E2A38AF-AF5C-4D8B-949C-197731C4F7B1}.Release|ARM64.ActiveCfg = Release|Any CPU
		{3E2A38AF-AF5C-4D8B-949C-197731C4F7B1}.Release|ARM64.Build.0 = Release|Any CPU
		{3E2A38AF-AF5C-4D8B-949C-197731C4F7B1}.Release|x64.ActiveCfg = Release|Any CPU
		{3E2A38AF-AF5C-4D8B-949C-197731C4F7B1}.Release|x64.Build.0 = Release|Any CPU
		{3E2A38AF-AF5C-4D8B-949C-197731C4F7B1}.Release|x86.ActiveCfg = Release|Any CPU
		{3E2A38AF-AF5C-4D8B-949C-197731C4F7B1}.Release|x86.Build.0 = Release|Any CPU
		{AB78E415-F4DD-4026-B7BD-405A547EA06E}.Debug|Any CPU.ActiveCfg = Debug|Any CPU
		{AB78E415-F4DD-4026-B7BD-405A547EA06E}.Debug|Any CPU.Build.0 = Debug|Any CPU
		{AB78E415-F4DD-4026-B7BD-405A547EA06E}.Debug|ARM.ActiveCfg = Debug|Any CPU
		{AB78E415-F4DD-4026-B7BD-405A547EA06E}.Debug|ARM.Build.0 = Debug|Any CPU
		{AB78E415-F4DD-4026-B7BD-405A547EA06E}.Debug|ARM64.ActiveCfg = Debug|Any CPU
		{AB78E415-F4DD-4026-B7BD-405A547EA06E}.Debug|ARM64.Build.0 = Debug|Any CPU
		{AB78E415-F4DD-4026-B7BD-405A547EA06E}.Debug|x64.ActiveCfg = Debug|Any CPU
		{AB78E415-F4DD-4026-B7BD-405A547EA06E}.Debug|x64.Build.0 = Debug|Any CPU
		{AB78E415-F4DD-4026-B7BD-405A547EA06E}.Debug|x86.ActiveCfg = Debug|Any CPU
		{AB78E415-F4DD-4026-B7BD-405A547EA06E}.Debug|x86.Build.0 = Debug|Any CPU
		{AB78E415-F4DD-4026-B7BD-405A547EA06E}.Release|Any CPU.ActiveCfg = Release|Any CPU
		{AB78E415-F4DD-4026-B7BD-405A547EA06E}.Release|Any CPU.Build.0 = Release|Any CPU
		{AB78E415-F4DD-4026-B7BD-405A547EA06E}.Release|ARM.ActiveCfg = Release|Any CPU
		{AB78E415-F4DD-4026-B7BD-405A547EA06E}.Release|ARM.Build.0 = Release|Any CPU
		{AB78E415-F4DD-4026-B7BD-405A547EA06E}.Release|ARM64.ActiveCfg = Release|Any CPU
		{AB78E415-F4DD-4026-B7BD-405A547EA06E}.Release|ARM64.Build.0 = Release|Any CPU
		{AB78E415-F4DD-4026-B7BD-405A547EA06E}.Release|x64.ActiveCfg = Release|Any CPU
		{AB78E415-F4DD-4026-B7BD-405A547EA06E}.Release|x64.Build.0 = Release|Any CPU
		{AB78E415-F4DD-4026-B7BD-405A547EA06E}.Release|x86.ActiveCfg = Release|Any CPU
		{AB78E415-F4DD-4026-B7BD-405A547EA06E}.Release|x86.Build.0 = Release|Any CPU
	EndGlobalSection
	GlobalSection(SolutionProperties) = preSolution
		HideSolutionNode = FALSE
	EndGlobalSection
	GlobalSection(NestedProjects) = preSolution
		{5DEEA8B9-FE52-4FCB-B9B5-A14FC50A27A1} = {6CD4DA58-796B-4304-93E1-EA053DD301F5}
		{1C762692-E7AE-4DE2-B107-86017143CE21} = {18231C4F-5C4D-4ECB-88D5-D254FE275E30}
		{FFFE157B-9DB4-48A7-9A75-A2B39B94DE36} = {CE896EFB-0DAB-4108-9746-FD7F847F4751}
		{44D80F3E-321D-4DB3-8049-6D641B21D94C} = {61DFFB0C-09E6-412A-8760-7A7C265FCC95}
		{1501A789-A607-4905-93DE-B4DF51423D0C} = {AADD98B6-00BC-43F0-8B79-324669C82FF5}
		{07B70176-9762-463F-AE1A-CE0F09B684B4} = {7CC3A256-39C7-47E6-AFD1-14E291388934}
		{768027C7-700C-4CB0-90EA-69A64C56BED5} = {2B85D8FC-07D9-40A9-8883-DAFF8BD2CA86}
		{24A9A5A1-A58D-4A8F-890F-6DBD50A9B328} = {F6F08B81-3E00-4862-9DDA-DCDEF2B09799}
		{20EC6B62-9001-43A3-AD2E-9AADBE18A451} = {1F14323C-3EC9-4E6A-9A7E-1F270B63263D}
		{1F230CC0-62AC-40B8-A04F-A5082BB30EAB} = {47BE2004-BC79-4989-9191-79EA1C47EA00}
		{782701C3-59F4-49F0-9C15-740414456712} = {90779D17-4903-49A1-8BC6-6BFBE5392ADD}
		{706BE5DE-43A5-4220-9AD7-197F6F6489A8} = {1155D0BE-6B1C-498B-8069-70B87A4014EB}
		{E8316D42-6A37-43DF-823D-F597690BD838} = {1155D0BE-6B1C-498B-8069-70B87A4014EB}
		{EEAAB1DC-47CC-47D3-88EE-1B8AE002FE46} = {2CB77D06-A5D0-42B0-8198-92D0956258A4}
		{7FBBBCC5-FABF-4E25-A8B9-97B34C57FB34} = {6CD4DA58-796B-4304-93E1-EA053DD301F5}
		{1A9D74EC-0677-404A-A9E6-D593A4111079} = {CE896EFB-0DAB-4108-9746-FD7F847F4751}
		{18119212-A9C6-4051-8850-4B0F8D2FC083} = {16895E01-48DA-4477-9D4E-6B03CFEF066B}
		{5F8C437C-8A5B-4DE9-91F7-56BF96EDCCC7} = {16895E01-48DA-4477-9D4E-6B03CFEF066B}
		{303E9A91-89D4-4D1B-9BAC-E409C51C066A} = {2CB77D06-A5D0-42B0-8198-92D0956258A4}
		{51682C34-0A6F-47A6-B6B6-B809D1A520D3} = {6CD4DA58-796B-4304-93E1-EA053DD301F5}
		{A3E04837-5AA2-4ECE-8FCE-C77EED74824C} = {CE896EFB-0DAB-4108-9746-FD7F847F4751}
		{DB612024-DAA2-403D-856C-3315370C75BC} = {16895E01-48DA-4477-9D4E-6B03CFEF066B}
		{3E7A63EB-BA30-457E-A1AC-F7DE5E17CBF9} = {2CB77D06-A5D0-42B0-8198-92D0956258A4}
		{BEFFC00B-BBB2-421D-9DFF-11891AAB31C5} = {49D3AA2F-1291-4E7F-984A-4828D6864856}
		{9FD54123-B800-46A0-8B71-ADC801718F2E} = {84539E18-2DA1-4A0F-AC16-C03947E5C858}
		{4751708A-4570-4589-86E6-F9FB3CB4C400} = {7CC3A256-39C7-47E6-AFD1-14E291388934}
		{4C4B61DF-6B01-460E-AC12-7BEE5A37723F} = {84539E18-2DA1-4A0F-AC16-C03947E5C858}
		{A4FB5729-8545-4FA1-9E3F-5AEA56324402} = {CE896EFB-0DAB-4108-9746-FD7F847F4751}
		{78AA6EAD-A00A-454F-90CD-93C03AEDD706} = {CE896EFB-0DAB-4108-9746-FD7F847F4751}
		{3E554F51-F1E7-492C-8EBC-894E3FD99C0F} = {6CD4DA58-796B-4304-93E1-EA053DD301F5}
		{B5DD02F7-32BC-4B40-9775-AB055E29B1FC} = {6CD4DA58-796B-4304-93E1-EA053DD301F5}
		{F509E88D-7F4E-4E70-AE39-6E5798382ADF} = {474BC879-0E6C-424A-AD74-06B8305D1696}
		{3E2A38AF-AF5C-4D8B-949C-197731C4F7B1} = {474BC879-0E6C-424A-AD74-06B8305D1696}
	EndGlobalSection
	GlobalSection(ExtensibilityGlobals) = postSolution
		SolutionGuid = {2727E619-0908-49BC-BAA9-066D537371D1}
	EndGlobalSection
EndGlobal
