
Microsoft Visual Studio Solution File, Format Version 12.00
# Visual Studio 15
VisualStudioVersion = 15.0.26228.12
MinimumVisualStudioVersion = 10.0.40219.1
Project("{FAE04EC0-301F-11D3-BF4B-00C04F79EFBC}") = "FlintLib.Common", "FlintLib.Common\FlintLib.Common.csproj", "{5DEEA8B9-FE52-4FCB-B9B5-A14FC50A27A1}"
EndProject
Project("{FAE04EC0-301F-11D3-BF4B-00C04F79EFBC}") = "FlintLib.Diagnostics", "FlintLib.Diagnostics\FlintLib.Diagnostics.csproj", "{1C762692-E7AE-4DE2-B107-86017143CE21}"
EndProject
Project("{FAE04EC0-301F-11D3-BF4B-00C04F79EFBC}") = "FlintLib.MVVM", "FlintLib.MVVM\FlintLib.MVVM.csproj", "{FFFE157B-9DB4-48A7-9A75-A2B39B94DE36}"
EndProject
Project("{FAE04EC0-301F-11D3-BF4B-00C04F79EFBC}") = "FlintLib.Tests", "FlintLib.Tests\FlintLib.Tests.csproj", "{44D80F3E-321D-4DB3-8049-6D641B21D94C}"
EndProject
Project("{FAE04EC0-301F-11D3-BF4B-00C04F79EFBC}") = "FlintLib.Commands", "FlintLib.Commands\FlintLib.Commands.csproj", "{1501A789-A607-4905-93DE-B4DF51423D0C}"
EndProject
Project("{FAE04EC0-301F-11D3-BF4B-00C04F79EFBC}") = "FlintLib.Mathematics", "FlintLib.Mathematics\FlintLib.Mathematics.csproj", "{07B70176-9762-463F-AE1A-CE0F09B684B4}"
EndProject
Project("{FAE04EC0-301F-11D3-BF4B-00C04F79EFBC}") = "FlintLib.Intelligence", "FlintLib.Intelligence\FlintLib.Intelligence.csproj", "{768027C7-700C-4CB0-90EA-69A64C56BED5}"
EndProject
Project("{FAE04EC0-301F-11D3-BF4B-00C04F79EFBC}") = "FlintLib.Genetics", "FlintLib.Genetics\FlintLib.Genetics.csproj", "{24A9A5A1-A58D-4A8F-890F-6DBD50A9B328}"
EndProject
Project("{FAE04EC0-301F-11D3-BF4B-00C04F79EFBC}") = "FlintLib.Structures", "FlintLib.Structures\FlintLib.Structures.csproj", "{20EC6B62-9001-43A3-AD2E-9AADBE18A451}"
EndProject
Project("{FAE04EC0-301F-11D3-BF4B-00C04F79EFBC}") = "FlintLib.Music", "FlintLib.Music\FlintLib.Music.csproj", "{19D0732D-5282-4470-822E-4FE959C948B9}"
EndProject
Project("{FAE04EC0-301F-11D3-BF4B-00C04F79EFBC}") = "FlintLib.Synthesis", "FlintLib.Synthesis\FlintLib.Synthesis.csproj", "{1F230CC0-62AC-40B8-A04F-A5082BB30EAB}"
EndProject
Project("{FAE04EC0-301F-11D3-BF4B-00C04F79EFBC}") = "FlintLib.Geometrics", "FlintLib.Geometrics\FlintLib.Geometrics.csproj", "{782701C3-59F4-49F0-9C15-740414456712}"
EndProject
Project("{FAE04EC0-301F-11D3-BF4B-00C04F79EFBC}") = "FlintLib.Forms", "FlintLib.Forms\FlintLib.Forms.csproj", "{706BE5DE-43A5-4220-9AD7-197F6F6489A8}"
EndProject
Project("{FAE04EC0-301F-11D3-BF4B-00C04F79EFBC}") = "FlintLib.Forms.Sandbox", "FlintLib.Forms.Sandbox\FlintLib.Forms.Sandbox.csproj", "{E8316D42-6A37-43DF-823D-F597690BD838}"
EndProject
Project("{FAE04EC0-301F-11D3-BF4B-00C04F79EFBC}") = "FlintLib.Accounting", "FlintLib.Accounting\FlintLib.Accounting.csproj", "{EEAAB1DC-47CC-47D3-88EE-1B8AE002FE46}"
EndProject
Project("{2150E333-8FDC-42A3-9474-1A3956D46DE8}") = ".Net Standard", ".Net Standard", "{D5C59896-BDBA-427E-833E-2294D3456D4F}"
EndProject
Project("{2150E333-8FDC-42A3-9474-1A3956D46DE8}") = ".Net Framework", ".Net Framework", "{61DFFB0C-09E6-412A-8760-7A7C265FCC95}"
EndProject
Project("{9A19103F-16F7-4668-BE54-9A1E7A4F7556}") = "FLibStd.Common", "FlibStd.Common\FLibStd.Common.csproj", "{7FBBBCC5-FABF-4E25-A8B9-97B34C57FB34}"
EndProject
Project("{9A19103F-16F7-4668-BE54-9A1E7A4F7556}") = "FLibStd.MVVM", "FLibStd.MVVM\FLibStd.MVVM.csproj", "{1A9D74EC-0677-404A-A9E6-D593A4111079}"
EndProject
Project("{FAE04EC0-301F-11D3-BF4B-00C04F79EFBC}") = "FlintLib.Scheduling", "FlintLib.Scheduling\FlintLib.Scheduling.csproj", "{18119212-A9C6-4051-8850-4B0F8D2FC083}"
EndProject
Project("{9A19103F-16F7-4668-BE54-9A1E7A4F7556}") = "FLibStd.Scheduling", "FlibStd.Scheduling\FLibStd.Scheduling.csproj", "{5F8C437C-8A5B-4DE9-91F7-56BF96EDCCC7}"
EndProject
Project("{9A19103F-16F7-4668-BE54-9A1E7A4F7556}") = "FLibStd.Accounting", "FLibStd.Accounting\FLibStd.Accounting.csproj", "{303E9A91-89D4-4D1B-9BAC-E409C51C066A}"
EndProject
Project("{2150E333-8FDC-42A3-9474-1A3956D46DE8}") = "Xamarin", "Xamarin", "{49D3AA2F-1291-4E7F-984A-4828D6864856}"
EndProject
Project("{9A19103F-16F7-4668-BE54-9A1E7A4F7556}") = "FLibXamarin.Common", "FLibXamarin.Common\FLibXamarin.Common.csproj", "{51682C34-0A6F-47A6-B6B6-B809D1A520D3}"
EndProject
Project("{9A19103F-16F7-4668-BE54-9A1E7A4F7556}") = "FLibXamarin.MVVM", "FLibXamarin.MVVM\FLibXamarin.MVVM.csproj", "{A3E04837-5AA2-4ECE-8FCE-C77EED74824C}"
EndProject
Project("{9A19103F-16F7-4668-BE54-9A1E7A4F7556}") = "FLibXamarin.Scheduling", "FLibXamarin.Scheduling\FLibXamarin.Scheduling.csproj", "{DB612024-DAA2-403D-856C-3315370C75BC}"
EndProject
Project("{9A19103F-16F7-4668-BE54-9A1E7A4F7556}") = "FLibXamarin.Accounting", "FLibXamarin.Accounting\FLibXamarin.Accounting.csproj", "{3E7A63EB-BA30-457E-A1AC-F7DE5E17CBF9}"
EndProject
Project("{FAE04EC0-301F-11D3-BF4B-00C04F79EFBC}") = "FLibXamarin.Tests", "FLibXamarin.Tests\FLibXamarin.Tests.csproj", "{BEFFC00B-BBB2-421D-9DFF-11891AAB31C5}"
EndProject
Project("{FAE04EC0-301F-11D3-BF4B-00C04F79EFBC}") = "FlintLib.Presentation", "FlintLib.Presentation\FlintLib.Presentation.csproj", "{9FD54123-B800-46A0-8B71-ADC801718F2E}"
EndProject
Project("{FAE04EC0-301F-11D3-BF4B-00C04F79EFBC}") = "FLibStd.Mathematics", "FLibStd.Mathematics\FLibStd.Mathematics.csproj", "{4751708A-4570-4589-86E6-F9FB3CB4C400}"
EndProject
Project("{FAE04EC0-301F-11D3-BF4B-00C04F79EFBC}") = "FLibStd.Presentation", "FLibStd.Presentation\FLibStd.Presentation.csproj", "{4C4B61DF-6B01-460E-AC12-7BEE5A37723F}"
EndProject
Global
	GlobalSection(SolutionConfigurationPlatforms) = preSolution
		Debug|Any CPU = Debug|Any CPU
		Release|Any CPU = Release|Any CPU
	EndGlobalSection
	GlobalSection(ProjectConfigurationPlatforms) = postSolution
		{5DEEA8B9-FE52-4FCB-B9B5-A14FC50A27A1}.Debug|Any CPU.ActiveCfg = Debug|Any CPU
		{5DEEA8B9-FE52-4FCB-B9B5-A14FC50A27A1}.Debug|Any CPU.Build.0 = Debug|Any CPU
		{5DEEA8B9-FE52-4FCB-B9B5-A14FC50A27A1}.Release|Any CPU.ActiveCfg = Release|Any CPU
		{5DEEA8B9-FE52-4FCB-B9B5-A14FC50A27A1}.Release|Any CPU.Build.0 = Release|Any CPU
		{1C762692-E7AE-4DE2-B107-86017143CE21}.Debug|Any CPU.ActiveCfg = Debug|Any CPU
		{1C762692-E7AE-4DE2-B107-86017143CE21}.Debug|Any CPU.Build.0 = Debug|Any CPU
		{1C762692-E7AE-4DE2-B107-86017143CE21}.Release|Any CPU.ActiveCfg = Release|Any CPU
		{1C762692-E7AE-4DE2-B107-86017143CE21}.Release|Any CPU.Build.0 = Release|Any CPU
		{FFFE157B-9DB4-48A7-9A75-A2B39B94DE36}.Debug|Any CPU.ActiveCfg = Debug|Any CPU
		{FFFE157B-9DB4-48A7-9A75-A2B39B94DE36}.Debug|Any CPU.Build.0 = Debug|Any CPU
		{FFFE157B-9DB4-48A7-9A75-A2B39B94DE36}.Release|Any CPU.ActiveCfg = Release|Any CPU
		{FFFE157B-9DB4-48A7-9A75-A2B39B94DE36}.Release|Any CPU.Build.0 = Release|Any CPU
		{44D80F3E-321D-4DB3-8049-6D641B21D94C}.Debug|Any CPU.ActiveCfg = Debug|Any CPU
		{44D80F3E-321D-4DB3-8049-6D641B21D94C}.Debug|Any CPU.Build.0 = Debug|Any CPU
		{44D80F3E-321D-4DB3-8049-6D641B21D94C}.Release|Any CPU.ActiveCfg = Release|Any CPU
		{44D80F3E-321D-4DB3-8049-6D641B21D94C}.Release|Any CPU.Build.0 = Release|Any CPU
		{1501A789-A607-4905-93DE-B4DF51423D0C}.Debug|Any CPU.ActiveCfg = Debug|Any CPU
		{1501A789-A607-4905-93DE-B4DF51423D0C}.Debug|Any CPU.Build.0 = Debug|Any CPU
		{1501A789-A607-4905-93DE-B4DF51423D0C}.Release|Any CPU.ActiveCfg = Release|Any CPU
		{1501A789-A607-4905-93DE-B4DF51423D0C}.Release|Any CPU.Build.0 = Release|Any CPU
		{07B70176-9762-463F-AE1A-CE0F09B684B4}.Debug|Any CPU.ActiveCfg = Debug|Any CPU
		{07B70176-9762-463F-AE1A-CE0F09B684B4}.Debug|Any CPU.Build.0 = Debug|Any CPU
		{07B70176-9762-463F-AE1A-CE0F09B684B4}.Release|Any CPU.ActiveCfg = Release|Any CPU
		{07B70176-9762-463F-AE1A-CE0F09B684B4}.Release|Any CPU.Build.0 = Release|Any CPU
		{768027C7-700C-4CB0-90EA-69A64C56BED5}.Debug|Any CPU.ActiveCfg = Debug|Any CPU
		{768027C7-700C-4CB0-90EA-69A64C56BED5}.Debug|Any CPU.Build.0 = Debug|Any CPU
		{768027C7-700C-4CB0-90EA-69A64C56BED5}.Release|Any CPU.ActiveCfg = Release|Any CPU
		{768027C7-700C-4CB0-90EA-69A64C56BED5}.Release|Any CPU.Build.0 = Release|Any CPU
		{24A9A5A1-A58D-4A8F-890F-6DBD50A9B328}.Debug|Any CPU.ActiveCfg = Debug|Any CPU
		{24A9A5A1-A58D-4A8F-890F-6DBD50A9B328}.Debug|Any CPU.Build.0 = Debug|Any CPU
		{24A9A5A1-A58D-4A8F-890F-6DBD50A9B328}.Release|Any CPU.ActiveCfg = Release|Any CPU
		{24A9A5A1-A58D-4A8F-890F-6DBD50A9B328}.Release|Any CPU.Build.0 = Release|Any CPU
		{20EC6B62-9001-43A3-AD2E-9AADBE18A451}.Debug|Any CPU.ActiveCfg = Debug|Any CPU
		{20EC6B62-9001-43A3-AD2E-9AADBE18A451}.Debug|Any CPU.Build.0 = Debug|Any CPU
		{20EC6B62-9001-43A3-AD2E-9AADBE18A451}.Release|Any CPU.ActiveCfg = Release|Any CPU
		{20EC6B62-9001-43A3-AD2E-9AADBE18A451}.Release|Any CPU.Build.0 = Release|Any CPU
		{19D0732D-5282-4470-822E-4FE959C948B9}.Debug|Any CPU.ActiveCfg = Debug|Any CPU
		{19D0732D-5282-4470-822E-4FE959C948B9}.Debug|Any CPU.Build.0 = Debug|Any CPU
		{19D0732D-5282-4470-822E-4FE959C948B9}.Release|Any CPU.ActiveCfg = Release|Any CPU
		{19D0732D-5282-4470-822E-4FE959C948B9}.Release|Any CPU.Build.0 = Release|Any CPU
		{1F230CC0-62AC-40B8-A04F-A5082BB30EAB}.Debug|Any CPU.ActiveCfg = Debug|Any CPU
		{1F230CC0-62AC-40B8-A04F-A5082BB30EAB}.Debug|Any CPU.Build.0 = Debug|Any CPU
		{1F230CC0-62AC-40B8-A04F-A5082BB30EAB}.Release|Any CPU.ActiveCfg = Release|Any CPU
		{1F230CC0-62AC-40B8-A04F-A5082BB30EAB}.Release|Any CPU.Build.0 = Release|Any CPU
		{782701C3-59F4-49F0-9C15-740414456712}.Debug|Any CPU.ActiveCfg = Debug|Any CPU
		{782701C3-59F4-49F0-9C15-740414456712}.Debug|Any CPU.Build.0 = Debug|Any CPU
		{782701C3-59F4-49F0-9C15-740414456712}.Release|Any CPU.ActiveCfg = Release|Any CPU
		{782701C3-59F4-49F0-9C15-740414456712}.Release|Any CPU.Build.0 = Release|Any CPU
		{706BE5DE-43A5-4220-9AD7-197F6F6489A8}.Debug|Any CPU.ActiveCfg = Debug|Any CPU
		{706BE5DE-43A5-4220-9AD7-197F6F6489A8}.Debug|Any CPU.Build.0 = Debug|Any CPU
		{706BE5DE-43A5-4220-9AD7-197F6F6489A8}.Release|Any CPU.ActiveCfg = Release|Any CPU
		{706BE5DE-43A5-4220-9AD7-197F6F6489A8}.Release|Any CPU.Build.0 = Release|Any CPU
		{E8316D42-6A37-43DF-823D-F597690BD838}.Debug|Any CPU.ActiveCfg = Debug|Any CPU
		{E8316D42-6A37-43DF-823D-F597690BD838}.Debug|Any CPU.Build.0 = Debug|Any CPU
		{E8316D42-6A37-43DF-823D-F597690BD838}.Release|Any CPU.ActiveCfg = Release|Any CPU
		{E8316D42-6A37-43DF-823D-F597690BD838}.Release|Any CPU.Build.0 = Release|Any CPU
		{EEAAB1DC-47CC-47D3-88EE-1B8AE002FE46}.Debug|Any CPU.ActiveCfg = Debug|Any CPU
		{EEAAB1DC-47CC-47D3-88EE-1B8AE002FE46}.Debug|Any CPU.Build.0 = Debug|Any CPU
		{EEAAB1DC-47CC-47D3-88EE-1B8AE002FE46}.Release|Any CPU.ActiveCfg = Release|Any CPU
		{EEAAB1DC-47CC-47D3-88EE-1B8AE002FE46}.Release|Any CPU.Build.0 = Release|Any CPU
		{7FBBBCC5-FABF-4E25-A8B9-97B34C57FB34}.Debug|Any CPU.ActiveCfg = Debug|Any CPU
		{7FBBBCC5-FABF-4E25-A8B9-97B34C57FB34}.Debug|Any CPU.Build.0 = Debug|Any CPU
		{7FBBBCC5-FABF-4E25-A8B9-97B34C57FB34}.Release|Any CPU.ActiveCfg = Release|Any CPU
		{7FBBBCC5-FABF-4E25-A8B9-97B34C57FB34}.Release|Any CPU.Build.0 = Release|Any CPU
		{1A9D74EC-0677-404A-A9E6-D593A4111079}.Debug|Any CPU.ActiveCfg = Debug|Any CPU
		{1A9D74EC-0677-404A-A9E6-D593A4111079}.Debug|Any CPU.Build.0 = Debug|Any CPU
		{1A9D74EC-0677-404A-A9E6-D593A4111079}.Release|Any CPU.ActiveCfg = Release|Any CPU
		{1A9D74EC-0677-404A-A9E6-D593A4111079}.Release|Any CPU.Build.0 = Release|Any CPU
		{18119212-A9C6-4051-8850-4B0F8D2FC083}.Debug|Any CPU.ActiveCfg = Debug|Any CPU
		{18119212-A9C6-4051-8850-4B0F8D2FC083}.Debug|Any CPU.Build.0 = Debug|Any CPU
		{18119212-A9C6-4051-8850-4B0F8D2FC083}.Release|Any CPU.ActiveCfg = Release|Any CPU
		{18119212-A9C6-4051-8850-4B0F8D2FC083}.Release|Any CPU.Build.0 = Release|Any CPU
		{5F8C437C-8A5B-4DE9-91F7-56BF96EDCCC7}.Debug|Any CPU.ActiveCfg = Debug|Any CPU
		{5F8C437C-8A5B-4DE9-91F7-56BF96EDCCC7}.Debug|Any CPU.Build.0 = Debug|Any CPU
		{5F8C437C-8A5B-4DE9-91F7-56BF96EDCCC7}.Release|Any CPU.ActiveCfg = Release|Any CPU
		{5F8C437C-8A5B-4DE9-91F7-56BF96EDCCC7}.Release|Any CPU.Build.0 = Release|Any CPU
		{303E9A91-89D4-4D1B-9BAC-E409C51C066A}.Debug|Any CPU.ActiveCfg = Debug|Any CPU
		{303E9A91-89D4-4D1B-9BAC-E409C51C066A}.Debug|Any CPU.Build.0 = Debug|Any CPU
		{303E9A91-89D4-4D1B-9BAC-E409C51C066A}.Release|Any CPU.ActiveCfg = Release|Any CPU
		{303E9A91-89D4-4D1B-9BAC-E409C51C066A}.Release|Any CPU.Build.0 = Release|Any CPU
		{51682C34-0A6F-47A6-B6B6-B809D1A520D3}.Debug|Any CPU.ActiveCfg = Debug|Any CPU
		{51682C34-0A6F-47A6-B6B6-B809D1A520D3}.Debug|Any CPU.Build.0 = Debug|Any CPU
		{51682C34-0A6F-47A6-B6B6-B809D1A520D3}.Release|Any CPU.ActiveCfg = Release|Any CPU
		{51682C34-0A6F-47A6-B6B6-B809D1A520D3}.Release|Any CPU.Build.0 = Release|Any CPU
		{A3E04837-5AA2-4ECE-8FCE-C77EED74824C}.Debug|Any CPU.ActiveCfg = Debug|Any CPU
		{A3E04837-5AA2-4ECE-8FCE-C77EED74824C}.Debug|Any CPU.Build.0 = Debug|Any CPU
		{A3E04837-5AA2-4ECE-8FCE-C77EED74824C}.Release|Any CPU.ActiveCfg = Release|Any CPU
		{A3E04837-5AA2-4ECE-8FCE-C77EED74824C}.Release|Any CPU.Build.0 = Release|Any CPU
		{DB612024-DAA2-403D-856C-3315370C75BC}.Debug|Any CPU.ActiveCfg = Debug|Any CPU
		{DB612024-DAA2-403D-856C-3315370C75BC}.Debug|Any CPU.Build.0 = Debug|Any CPU
		{DB612024-DAA2-403D-856C-3315370C75BC}.Release|Any CPU.ActiveCfg = Release|Any CPU
		{DB612024-DAA2-403D-856C-3315370C75BC}.Release|Any CPU.Build.0 = Release|Any CPU
		{3E7A63EB-BA30-457E-A1AC-F7DE5E17CBF9}.Debug|Any CPU.ActiveCfg = Debug|Any CPU
		{3E7A63EB-BA30-457E-A1AC-F7DE5E17CBF9}.Debug|Any CPU.Build.0 = Debug|Any CPU
		{3E7A63EB-BA30-457E-A1AC-F7DE5E17CBF9}.Release|Any CPU.ActiveCfg = Release|Any CPU
		{3E7A63EB-BA30-457E-A1AC-F7DE5E17CBF9}.Release|Any CPU.Build.0 = Release|Any CPU
		{BEFFC00B-BBB2-421D-9DFF-11891AAB31C5}.Debug|Any CPU.ActiveCfg = Debug|Any CPU
		{BEFFC00B-BBB2-421D-9DFF-11891AAB31C5}.Debug|Any CPU.Build.0 = Debug|Any CPU
		{BEFFC00B-BBB2-421D-9DFF-11891AAB31C5}.Release|Any CPU.ActiveCfg = Release|Any CPU
		{BEFFC00B-BBB2-421D-9DFF-11891AAB31C5}.Release|Any CPU.Build.0 = Release|Any CPU
		{9FD54123-B800-46A0-8B71-ADC801718F2E}.Debug|Any CPU.ActiveCfg = Debug|Any CPU
		{9FD54123-B800-46A0-8B71-ADC801718F2E}.Debug|Any CPU.Build.0 = Debug|Any CPU
		{9FD54123-B800-46A0-8B71-ADC801718F2E}.Release|Any CPU.ActiveCfg = Release|Any CPU
		{9FD54123-B800-46A0-8B71-ADC801718F2E}.Release|Any CPU.Build.0 = Release|Any CPU
		{4751708A-4570-4589-86E6-F9FB3CB4C400}.Debug|Any CPU.ActiveCfg = Debug|Any CPU
		{4751708A-4570-4589-86E6-F9FB3CB4C400}.Debug|Any CPU.Build.0 = Debug|Any CPU
		{4751708A-4570-4589-86E6-F9FB3CB4C400}.Release|Any CPU.ActiveCfg = Release|Any CPU
		{4751708A-4570-4589-86E6-F9FB3CB4C400}.Release|Any CPU.Build.0 = Release|Any CPU
		{4C4B61DF-6B01-460E-AC12-7BEE5A37723F}.Debug|Any CPU.ActiveCfg = Debug|Any CPU
		{4C4B61DF-6B01-460E-AC12-7BEE5A37723F}.Debug|Any CPU.Build.0 = Debug|Any CPU
		{4C4B61DF-6B01-460E-AC12-7BEE5A37723F}.Release|Any CPU.ActiveCfg = Release|Any CPU
		{4C4B61DF-6B01-460E-AC12-7BEE5A37723F}.Release|Any CPU.Build.0 = Release|Any CPU
	EndGlobalSection
	GlobalSection(SolutionProperties) = preSolution
		HideSolutionNode = FALSE
	EndGlobalSection
	GlobalSection(NestedProjects) = preSolution
		{5DEEA8B9-FE52-4FCB-B9B5-A14FC50A27A1} = {61DFFB0C-09E6-412A-8760-7A7C265FCC95}
		{1C762692-E7AE-4DE2-B107-86017143CE21} = {61DFFB0C-09E6-412A-8760-7A7C265FCC95}
		{FFFE157B-9DB4-48A7-9A75-A2B39B94DE36} = {61DFFB0C-09E6-412A-8760-7A7C265FCC95}
		{44D80F3E-321D-4DB3-8049-6D641B21D94C} = {61DFFB0C-09E6-412A-8760-7A7C265FCC95}
		{1501A789-A607-4905-93DE-B4DF51423D0C} = {61DFFB0C-09E6-412A-8760-7A7C265FCC95}
		{07B70176-9762-463F-AE1A-CE0F09B684B4} = {61DFFB0C-09E6-412A-8760-7A7C265FCC95}
		{768027C7-700C-4CB0-90EA-69A64C56BED5} = {61DFFB0C-09E6-412A-8760-7A7C265FCC95}
		{24A9A5A1-A58D-4A8F-890F-6DBD50A9B328} = {61DFFB0C-09E6-412A-8760-7A7C265FCC95}
		{20EC6B62-9001-43A3-AD2E-9AADBE18A451} = {61DFFB0C-09E6-412A-8760-7A7C265FCC95}
		{19D0732D-5282-4470-822E-4FE959C948B9} = {61DFFB0C-09E6-412A-8760-7A7C265FCC95}
		{1F230CC0-62AC-40B8-A04F-A5082BB30EAB} = {61DFFB0C-09E6-412A-8760-7A7C265FCC95}
		{782701C3-59F4-49F0-9C15-740414456712} = {61DFFB0C-09E6-412A-8760-7A7C265FCC95}
		{706BE5DE-43A5-4220-9AD7-197F6F6489A8} = {61DFFB0C-09E6-412A-8760-7A7C265FCC95}
		{E8316D42-6A37-43DF-823D-F597690BD838} = {61DFFB0C-09E6-412A-8760-7A7C265FCC95}
		{EEAAB1DC-47CC-47D3-88EE-1B8AE002FE46} = {61DFFB0C-09E6-412A-8760-7A7C265FCC95}
		{7FBBBCC5-FABF-4E25-A8B9-97B34C57FB34} = {D5C59896-BDBA-427E-833E-2294D3456D4F}
		{1A9D74EC-0677-404A-A9E6-D593A4111079} = {D5C59896-BDBA-427E-833E-2294D3456D4F}
		{18119212-A9C6-4051-8850-4B0F8D2FC083} = {61DFFB0C-09E6-412A-8760-7A7C265FCC95}
		{5F8C437C-8A5B-4DE9-91F7-56BF96EDCCC7} = {D5C59896-BDBA-427E-833E-2294D3456D4F}
		{303E9A91-89D4-4D1B-9BAC-E409C51C066A} = {D5C59896-BDBA-427E-833E-2294D3456D4F}
		{51682C34-0A6F-47A6-B6B6-B809D1A520D3} = {49D3AA2F-1291-4E7F-984A-4828D6864856}
		{A3E04837-5AA2-4ECE-8FCE-C77EED74824C} = {49D3AA2F-1291-4E7F-984A-4828D6864856}
		{DB612024-DAA2-403D-856C-3315370C75BC} = {49D3AA2F-1291-4E7F-984A-4828D6864856}
		{3E7A63EB-BA30-457E-A1AC-F7DE5E17CBF9} = {49D3AA2F-1291-4E7F-984A-4828D6864856}
		{BEFFC00B-BBB2-421D-9DFF-11891AAB31C5} = {49D3AA2F-1291-4E7F-984A-4828D6864856}
		{9FD54123-B800-46A0-8B71-ADC801718F2E} = {61DFFB0C-09E6-412A-8760-7A7C265FCC95}
		{4751708A-4570-4589-86E6-F9FB3CB4C400} = {D5C59896-BDBA-427E-833E-2294D3456D4F}
		{4C4B61DF-6B01-460E-AC12-7BEE5A37723F} = {D5C59896-BDBA-427E-833E-2294D3456D4F}
	EndGlobalSection
	GlobalSection(ExtensibilityGlobals) = postSolution
		SolutionGuid = {2727E619-0908-49BC-BAA9-066D537371D1}
	EndGlobalSection
EndGlobal
