
Microsoft Visual Studio Solution File, Format Version 12.00
# Visual Studio 15
VisualStudioVersion = 15.0.26730.12
MinimumVisualStudioVersion = 10.0.40219.1
Project("{FAE04EC0-301F-11D3-BF4B-00C04F79EFBC}") = "FlintLib.Common", "FlintLib.Common\FlintLib.Common.csproj", "{5DEEA8B9-FE52-4FCB-B9B5-A14FC50A27A1}"
EndProject
Project("{FAE04EC0-301F-11D3-BF4B-00C04F79EFBC}") = "FlintLib.Diagnostics", "FlintLib.Diagnostics\FlintLib.Diagnostics.csproj", "{1C762692-E7AE-4DE2-B107-86017143CE21}"
EndProject
Project("{FAE04EC0-301F-11D3-BF4B-00C04F79EFBC}") = "FlintLib.MVVM", "FlintLib.MVVM\FlintLib.MVVM.csproj", "{FFFE157B-9DB4-48A7-9A75-A2B39B94DE36}"
EndProject
Project("{FAE04EC0-301F-11D3-BF4B-00C04F79EFBC}") = "FlintLib.Tests", "FlintLib.Tests\FlintLib.Tests.csproj", "{44D80F3E-321D-4DB3-8049-6D641B21D94C}"
EndProject
Project("{FAE04EC0-301F-11D3-BF4B-00C04F79EFBC}") = "FlintLib.Console", "FlintLib.Console\FlintLib.Console.csproj", "{021A4C53-A533-4C2E-ABB6-B21743FBFB47}"
EndProject
Project("{FAE04EC0-301F-11D3-BF4B-00C04F79EFBC}") = "FlintLib.Console.Testbed", "FlintLib.Console.Testbed\FlintLib.Console.Testbed.csproj", "{54C67793-0431-44EA-B162-4D22589CD982}"
EndProject
Project("{FAE04EC0-301F-11D3-BF4B-00C04F79EFBC}") = "FlintLib.Commands", "FlintLib.Commands\FlintLib.Commands.csproj", "{1501A789-A607-4905-93DE-B4DF51423D0C}"
EndProject
Project("{FAE04EC0-301F-11D3-BF4B-00C04F79EFBC}") = "FlintLib.Mathematics", "FlintLib.Mathematics\FlintLib.Mathematics.csproj", "{07B70176-9762-463F-AE1A-CE0F09B684B4}"
EndProject
Global
	GlobalSection(SolutionConfigurationPlatforms) = preSolution
		Debug|Any CPU = Debug|Any CPU
		Release|Any CPU = Release|Any CPU
	EndGlobalSection
	GlobalSection(ProjectConfigurationPlatforms) = postSolution
		{5DEEA8B9-FE52-4FCB-B9B5-A14FC50A27A1}.Debug|Any CPU.ActiveCfg = Debug|Any CPU
		{5DEEA8B9-FE52-4FCB-B9B5-A14FC50A27A1}.Debug|Any CPU.Build.0 = Debug|Any CPU
		{5DEEA8B9-FE52-4FCB-B9B5-A14FC50A27A1}.Release|Any CPU.ActiveCfg = Release|Any CPU
		{5DEEA8B9-FE52-4FCB-B9B5-A14FC50A27A1}.Release|Any CPU.Build.0 = Release|Any CPU
		{1C762692-E7AE-4DE2-B107-86017143CE21}.Debug|Any CPU.ActiveCfg = Debug|Any CPU
		{1C762692-E7AE-4DE2-B107-86017143CE21}.Debug|Any CPU.Build.0 = Debug|Any CPU
		{1C762692-E7AE-4DE2-B107-86017143CE21}.Release|Any CPU.ActiveCfg = Release|Any CPU
		{1C762692-E7AE-4DE2-B107-86017143CE21}.Release|Any CPU.Build.0 = Release|Any CPU
		{FFFE157B-9DB4-48A7-9A75-A2B39B94DE36}.Debug|Any CPU.ActiveCfg = Debug|Any CPU
		{FFFE157B-9DB4-48A7-9A75-A2B39B94DE36}.Debug|Any CPU.Build.0 = Debug|Any CPU
		{FFFE157B-9DB4-48A7-9A75-A2B39B94DE36}.Release|Any CPU.ActiveCfg = Release|Any CPU
		{FFFE157B-9DB4-48A7-9A75-A2B39B94DE36}.Release|Any CPU.Build.0 = Release|Any CPU
		{44D80F3E-321D-4DB3-8049-6D641B21D94C}.Debug|Any CPU.ActiveCfg = Debug|Any CPU
		{44D80F3E-321D-4DB3-8049-6D641B21D94C}.Debug|Any CPU.Build.0 = Debug|Any CPU
		{44D80F3E-321D-4DB3-8049-6D641B21D94C}.Release|Any CPU.ActiveCfg = Release|Any CPU
		{44D80F3E-321D-4DB3-8049-6D641B21D94C}.Release|Any CPU.Build.0 = Release|Any CPU
		{021A4C53-A533-4C2E-ABB6-B21743FBFB47}.Debug|Any CPU.ActiveCfg = Debug|Any CPU
		{021A4C53-A533-4C2E-ABB6-B21743FBFB47}.Debug|Any CPU.Build.0 = Debug|Any CPU
		{021A4C53-A533-4C2E-ABB6-B21743FBFB47}.Release|Any CPU.ActiveCfg = Release|Any CPU
		{021A4C53-A533-4C2E-ABB6-B21743FBFB47}.Release|Any CPU.Build.0 = Release|Any CPU
		{54C67793-0431-44EA-B162-4D22589CD982}.Debug|Any CPU.ActiveCfg = Debug|Any CPU
		{54C67793-0431-44EA-B162-4D22589CD982}.Debug|Any CPU.Build.0 = Debug|Any CPU
		{54C67793-0431-44EA-B162-4D22589CD982}.Release|Any CPU.ActiveCfg = Release|Any CPU
		{54C67793-0431-44EA-B162-4D22589CD982}.Release|Any CPU.Build.0 = Release|Any CPU
		{1501A789-A607-4905-93DE-B4DF51423D0C}.Debug|Any CPU.ActiveCfg = Debug|Any CPU
		{1501A789-A607-4905-93DE-B4DF51423D0C}.Debug|Any CPU.Build.0 = Debug|Any CPU
		{1501A789-A607-4905-93DE-B4DF51423D0C}.Release|Any CPU.ActiveCfg = Release|Any CPU
		{1501A789-A607-4905-93DE-B4DF51423D0C}.Release|Any CPU.Build.0 = Release|Any CPU
		{07B70176-9762-463F-AE1A-CE0F09B684B4}.Debug|Any CPU.ActiveCfg = Debug|Any CPU
		{07B70176-9762-463F-AE1A-CE0F09B684B4}.Debug|Any CPU.Build.0 = Debug|Any CPU
		{07B70176-9762-463F-AE1A-CE0F09B684B4}.Release|Any CPU.ActiveCfg = Release|Any CPU
		{07B70176-9762-463F-AE1A-CE0F09B684B4}.Release|Any CPU.Build.0 = Release|Any CPU
	EndGlobalSection
	GlobalSection(SolutionProperties) = preSolution
		HideSolutionNode = FALSE
	EndGlobalSection
	GlobalSection(ExtensibilityGlobals) = postSolution
		SolutionGuid = {2727E619-0908-49BC-BAA9-066D537371D1}
	EndGlobalSection
EndGlobal
