
Microsoft Visual Studio Solution File, Format Version 12.00
# Visual Studio 14
VisualStudioVersion = 14.0.25420.1
MinimumVisualStudioVersion = 10.0.40219.1
Project("{FAE04EC0-301F-11D3-BF4B-00C04F79EFBC}") = "FlintLib.Diagnostics", "FlintLib.Diagnostics\FlintLib.Diagnostics.csproj", "{1C762692-E7AE-4DE2-B107-86017143CE21}"
EndProject
Project("{FAE04EC0-301F-11D3-BF4B-00C04F79EFBC}") = "FlintLib.MVVM", "FlintLib.MVVM\FlintLib.MVVM.csproj", "{FFFE157B-9DB4-48A7-9A75-A2B39B94DE36}"
EndProject
Project("{FAE04EC0-301F-11D3-BF4B-00C04F79EFBC}") = "FlintLib.Utilities", "FlintLib.Utilities\FlintLib.Utilities.csproj", "{EB85BEDD-1AB7-4FD8-B14A-073514221158}"
EndProject
Project("{FAE04EC0-301F-11D3-BF4B-00C04F79EFBC}") = "FlintLib.Console", "FlintLib.Console\FlintLib.Console.csproj", "{021A4C53-A533-4C2E-ABB6-B21743FBFB47}"
EndProject
Project("{FAE04EC0-301F-11D3-BF4B-00C04F79EFBC}") = "FlintLib.Core", "FlintLib.Core\FlintLib.Core.csproj", "{2689C497-7747-4D70-9CB7-9598F888FF37}"
EndProject
Project("{2150E333-8FDC-42A3-9474-1A3956D46DE8}") = "Testing", "Testing", "{147A7083-DCCC-4C7D-8457-AA602D64188C}"
EndProject
Project("{FAE04EC0-301F-11D3-BF4B-00C04F79EFBC}") = "FlintLib.Tests", "FlintLib.Tests\FlintLib.Tests.csproj", "{D282F9A9-4E61-4947-B6F9-05B3B43636D2}"
EndProject
Global
	GlobalSection(SolutionConfigurationPlatforms) = preSolution
		Debug|Any CPU = Debug|Any CPU
		Release|Any CPU = Release|Any CPU
	EndGlobalSection
	GlobalSection(ProjectConfigurationPlatforms) = postSolution
		{1C762692-E7AE-4DE2-B107-86017143CE21}.Debug|Any CPU.ActiveCfg = Debug|Any CPU
		{1C762692-E7AE-4DE2-B107-86017143CE21}.Debug|Any CPU.Build.0 = Debug|Any CPU
		{1C762692-E7AE-4DE2-B107-86017143CE21}.Release|Any CPU.ActiveCfg = Release|Any CPU
		{1C762692-E7AE-4DE2-B107-86017143CE21}.Release|Any CPU.Build.0 = Release|Any CPU
		{FFFE157B-9DB4-48A7-9A75-A2B39B94DE36}.Debug|Any CPU.ActiveCfg = Debug|Any CPU
		{FFFE157B-9DB4-48A7-9A75-A2B39B94DE36}.Debug|Any CPU.Build.0 = Debug|Any CPU
		{FFFE157B-9DB4-48A7-9A75-A2B39B94DE36}.Release|Any CPU.ActiveCfg = Release|Any CPU
		{FFFE157B-9DB4-48A7-9A75-A2B39B94DE36}.Release|Any CPU.Build.0 = Release|Any CPU
		{EB85BEDD-1AB7-4FD8-B14A-073514221158}.Debug|Any CPU.ActiveCfg = Debug|Any CPU
		{EB85BEDD-1AB7-4FD8-B14A-073514221158}.Debug|Any CPU.Build.0 = Debug|Any CPU
		{EB85BEDD-1AB7-4FD8-B14A-073514221158}.Release|Any CPU.ActiveCfg = Release|Any CPU
		{EB85BEDD-1AB7-4FD8-B14A-073514221158}.Release|Any CPU.Build.0 = Release|Any CPU
		{021A4C53-A533-4C2E-ABB6-B21743FBFB47}.Debug|Any CPU.ActiveCfg = Debug|Any CPU
		{021A4C53-A533-4C2E-ABB6-B21743FBFB47}.Debug|Any CPU.Build.0 = Debug|Any CPU
		{021A4C53-A533-4C2E-ABB6-B21743FBFB47}.Release|Any CPU.ActiveCfg = Release|Any CPU
		{021A4C53-A533-4C2E-ABB6-B21743FBFB47}.Release|Any CPU.Build.0 = Release|Any CPU
		{2689C497-7747-4D70-9CB7-9598F888FF37}.Debug|Any CPU.ActiveCfg = Debug|Any CPU
		{2689C497-7747-4D70-9CB7-9598F888FF37}.Debug|Any CPU.Build.0 = Debug|Any CPU
		{2689C497-7747-4D70-9CB7-9598F888FF37}.Release|Any CPU.ActiveCfg = Release|Any CPU
		{2689C497-7747-4D70-9CB7-9598F888FF37}.Release|Any CPU.Build.0 = Release|Any CPU
		{D282F9A9-4E61-4947-B6F9-05B3B43636D2}.Debug|Any CPU.ActiveCfg = Debug|Any CPU
		{D282F9A9-4E61-4947-B6F9-05B3B43636D2}.Debug|Any CPU.Build.0 = Debug|Any CPU
		{D282F9A9-4E61-4947-B6F9-05B3B43636D2}.Release|Any CPU.ActiveCfg = Release|Any CPU
		{D282F9A9-4E61-4947-B6F9-05B3B43636D2}.Release|Any CPU.Build.0 = Release|Any CPU
	EndGlobalSection
	GlobalSection(SolutionProperties) = preSolution
		HideSolutionNode = FALSE
	EndGlobalSection
	GlobalSection(NestedProjects) = preSolution
		{D282F9A9-4E61-4947-B6F9-05B3B43636D2} = {147A7083-DCCC-4C7D-8457-AA602D64188C}
	EndGlobalSection
EndGlobal
