
Microsoft Visual Studio Solution File, Format Version 12.00
# Visual Studio 14
VisualStudioVersion = 14.0.25420.1
MinimumVisualStudioVersion = 10.0.40219.1
Project("{FAE04EC0-301F-11D3-BF4B-00C04F79EFBC}") = "FlintLib.Diagnostics", "FlintLib.Diagnostics\FlintLib.Diagnostics.csproj", "{1C762692-E7AE-4DE2-B107-86017143CE21}"
EndProject
Project("{FAE04EC0-301F-11D3-BF4B-00C04F79EFBC}") = "FlintLib.MVVM", "FlintLib.MVVM\FlintLib.MVVM.csproj", "{FFFE157B-9DB4-48A7-9A75-A2B39B94DE36}"
EndProject
Project("{FAE04EC0-301F-11D3-BF4B-00C04F79EFBC}") = "FlintLib.Utilities", "FlintLib.Utilities\FlintLib.Utilities.csproj", "{EB85BEDD-1AB7-4FD8-B14A-073514221158}"
EndProject
Project("{FAE04EC0-301F-11D3-BF4B-00C04F79EFBC}") = "FlintLib.Console", "FlintLib.Console\FlintLib.Console.csproj", "{021A4C53-A533-4C2E-ABB6-B21743FBFB47}"
EndProject
Project("{2150E333-8FDC-42A3-9474-1A3956D46DE8}") = "Console", "Console", "{CC514717-BA4B-4365-80E1-8A784C3D860D}"
EndProject
Project("{2150E333-8FDC-42A3-9474-1A3956D46DE8}") = "Diagnostics", "Diagnostics", "{51502C98-E1F1-482A-8417-A1A98B272754}"
EndProject
Project("{2150E333-8FDC-42A3-9474-1A3956D46DE8}") = "MVVM", "MVVM", "{9DE66DFA-051C-4562-BD4E-5388F37E2C14}"
EndProject
Project("{2150E333-8FDC-42A3-9474-1A3956D46DE8}") = "Utilities", "Utilities", "{CAC1E033-16B5-49C6-87DA-26C2DF53AF82}"
EndProject
Project("{FAE04EC0-301F-11D3-BF4B-00C04F79EFBC}") = "FlintLib.Console.UnitTests", "FlintLib.Console.UnitTests\FlintLib.Console.UnitTests.csproj", "{E39A126F-CBF7-4C73-87E6-D1CCE96E5D75}"
EndProject
Project("{FAE04EC0-301F-11D3-BF4B-00C04F79EFBC}") = "FlintLib.Diagnostics.UnitTests", "FlintLib.Diagnostics.UnitTests\FlintLib.Diagnostics.UnitTests.csproj", "{675BF417-CEFB-4AB7-AC22-7BEC28E64FD5}"
EndProject
Project("{FAE04EC0-301F-11D3-BF4B-00C04F79EFBC}") = "FlintLib.MVVM.UnitTests", "FlintLib.MVVM.UnitTests\FlintLib.MVVM.UnitTests.csproj", "{DE999131-45E0-468F-A026-E9597EFCF6BD}"
EndProject
Project("{FAE04EC0-301F-11D3-BF4B-00C04F79EFBC}") = "FlintLib.Utilities.UnitTests", "FlintLib.Utilities.UnitTests\FlintLib.Utilities.UnitTests.csproj", "{6626B1B1-150D-48DE-8734-DEB500B170F5}"
EndProject
Project("{2150E333-8FDC-42A3-9474-1A3956D46DE8}") = "Core", "Core", "{D88DEA76-A884-4936-BC75-88EAA7969030}"
EndProject
Project("{FAE04EC0-301F-11D3-BF4B-00C04F79EFBC}") = "FlintLib.Core", "FlintLib.Core\FlintLib.Core.csproj", "{2689C497-7747-4D70-9CB7-9598F888FF37}"
EndProject
Global
	GlobalSection(SolutionConfigurationPlatforms) = preSolution
		Debug|Any CPU = Debug|Any CPU
		Release|Any CPU = Release|Any CPU
	EndGlobalSection
	GlobalSection(ProjectConfigurationPlatforms) = postSolution
		{1C762692-E7AE-4DE2-B107-86017143CE21}.Debug|Any CPU.ActiveCfg = Debug|Any CPU
		{1C762692-E7AE-4DE2-B107-86017143CE21}.Debug|Any CPU.Build.0 = Debug|Any CPU
		{1C762692-E7AE-4DE2-B107-86017143CE21}.Release|Any CPU.ActiveCfg = Release|Any CPU
		{1C762692-E7AE-4DE2-B107-86017143CE21}.Release|Any CPU.Build.0 = Release|Any CPU
		{FFFE157B-9DB4-48A7-9A75-A2B39B94DE36}.Debug|Any CPU.ActiveCfg = Debug|Any CPU
		{FFFE157B-9DB4-48A7-9A75-A2B39B94DE36}.Debug|Any CPU.Build.0 = Debug|Any CPU
		{FFFE157B-9DB4-48A7-9A75-A2B39B94DE36}.Release|Any CPU.ActiveCfg = Release|Any CPU
		{FFFE157B-9DB4-48A7-9A75-A2B39B94DE36}.Release|Any CPU.Build.0 = Release|Any CPU
		{EB85BEDD-1AB7-4FD8-B14A-073514221158}.Debug|Any CPU.ActiveCfg = Debug|Any CPU
		{EB85BEDD-1AB7-4FD8-B14A-073514221158}.Debug|Any CPU.Build.0 = Debug|Any CPU
		{EB85BEDD-1AB7-4FD8-B14A-073514221158}.Release|Any CPU.ActiveCfg = Release|Any CPU
		{EB85BEDD-1AB7-4FD8-B14A-073514221158}.Release|Any CPU.Build.0 = Release|Any CPU
		{021A4C53-A533-4C2E-ABB6-B21743FBFB47}.Debug|Any CPU.ActiveCfg = Debug|Any CPU
		{021A4C53-A533-4C2E-ABB6-B21743FBFB47}.Debug|Any CPU.Build.0 = Debug|Any CPU
		{021A4C53-A533-4C2E-ABB6-B21743FBFB47}.Release|Any CPU.ActiveCfg = Release|Any CPU
		{021A4C53-A533-4C2E-ABB6-B21743FBFB47}.Release|Any CPU.Build.0 = Release|Any CPU
		{E39A126F-CBF7-4C73-87E6-D1CCE96E5D75}.Debug|Any CPU.ActiveCfg = Debug|Any CPU
		{E39A126F-CBF7-4C73-87E6-D1CCE96E5D75}.Debug|Any CPU.Build.0 = Debug|Any CPU
		{E39A126F-CBF7-4C73-87E6-D1CCE96E5D75}.Release|Any CPU.ActiveCfg = Release|Any CPU
		{E39A126F-CBF7-4C73-87E6-D1CCE96E5D75}.Release|Any CPU.Build.0 = Release|Any CPU
		{675BF417-CEFB-4AB7-AC22-7BEC28E64FD5}.Debug|Any CPU.ActiveCfg = Debug|Any CPU
		{675BF417-CEFB-4AB7-AC22-7BEC28E64FD5}.Debug|Any CPU.Build.0 = Debug|Any CPU
		{675BF417-CEFB-4AB7-AC22-7BEC28E64FD5}.Release|Any CPU.ActiveCfg = Release|Any CPU
		{675BF417-CEFB-4AB7-AC22-7BEC28E64FD5}.Release|Any CPU.Build.0 = Release|Any CPU
		{DE999131-45E0-468F-A026-E9597EFCF6BD}.Debug|Any CPU.ActiveCfg = Debug|Any CPU
		{DE999131-45E0-468F-A026-E9597EFCF6BD}.Debug|Any CPU.Build.0 = Debug|Any CPU
		{DE999131-45E0-468F-A026-E9597EFCF6BD}.Release|Any CPU.ActiveCfg = Release|Any CPU
		{DE999131-45E0-468F-A026-E9597EFCF6BD}.Release|Any CPU.Build.0 = Release|Any CPU
		{6626B1B1-150D-48DE-8734-DEB500B170F5}.Debug|Any CPU.ActiveCfg = Debug|Any CPU
		{6626B1B1-150D-48DE-8734-DEB500B170F5}.Debug|Any CPU.Build.0 = Debug|Any CPU
		{6626B1B1-150D-48DE-8734-DEB500B170F5}.Release|Any CPU.ActiveCfg = Release|Any CPU
		{6626B1B1-150D-48DE-8734-DEB500B170F5}.Release|Any CPU.Build.0 = Release|Any CPU
		{2689C497-7747-4D70-9CB7-9598F888FF37}.Debug|Any CPU.ActiveCfg = Debug|Any CPU
		{2689C497-7747-4D70-9CB7-9598F888FF37}.Debug|Any CPU.Build.0 = Debug|Any CPU
		{2689C497-7747-4D70-9CB7-9598F888FF37}.Release|Any CPU.ActiveCfg = Release|Any CPU
		{2689C497-7747-4D70-9CB7-9598F888FF37}.Release|Any CPU.Build.0 = Release|Any CPU
	EndGlobalSection
	GlobalSection(SolutionProperties) = preSolution
		HideSolutionNode = FALSE
	EndGlobalSection
	GlobalSection(NestedProjects) = preSolution
		{1C762692-E7AE-4DE2-B107-86017143CE21} = {51502C98-E1F1-482A-8417-A1A98B272754}
		{FFFE157B-9DB4-48A7-9A75-A2B39B94DE36} = {9DE66DFA-051C-4562-BD4E-5388F37E2C14}
		{EB85BEDD-1AB7-4FD8-B14A-073514221158} = {CAC1E033-16B5-49C6-87DA-26C2DF53AF82}
		{021A4C53-A533-4C2E-ABB6-B21743FBFB47} = {CC514717-BA4B-4365-80E1-8A784C3D860D}
		{E39A126F-CBF7-4C73-87E6-D1CCE96E5D75} = {CC514717-BA4B-4365-80E1-8A784C3D860D}
		{675BF417-CEFB-4AB7-AC22-7BEC28E64FD5} = {51502C98-E1F1-482A-8417-A1A98B272754}
		{DE999131-45E0-468F-A026-E9597EFCF6BD} = {9DE66DFA-051C-4562-BD4E-5388F37E2C14}
		{6626B1B1-150D-48DE-8734-DEB500B170F5} = {CAC1E033-16B5-49C6-87DA-26C2DF53AF82}
		{2689C497-7747-4D70-9CB7-9598F888FF37} = {D88DEA76-A884-4936-BC75-88EAA7969030}
	EndGlobalSection
EndGlobal
