
Microsoft Visual Studio Solution File, Format Version 12.00
# Visual Studio Version 16
VisualStudioVersion = 16.0.28803.352
MinimumVisualStudioVersion = 10.0.40219.1
Project("{9A19103F-16F7-4668-BE54-9A1E7A4F7556}") = "FLib.Common", "Libraries\FLib.Common\FLib.Common.csproj", "{376C4999-418D-4799-B6C5-0B3CF6B1378A}"
EndProject
Project("{9A19103F-16F7-4668-BE54-9A1E7A4F7556}") = "FLib.Commands", "Libraries\FLib.Commands\FLib.Commands.csproj", "{89D8D54E-C7A9-4CE8-A1F8-D51DE13492E1}"
EndProject
Project("{9A19103F-16F7-4668-BE54-9A1E7A4F7556}") = "FLib.Diagnostics", "Libraries\FLib.Diagnostics\FLib.Diagnostics.csproj", "{9290A1E0-97D0-47BE-9955-CFEE066A2C19}"
EndProject
Project("{9A19103F-16F7-4668-BE54-9A1E7A4F7556}") = "FLib.Music", "Libraries\FLib.Music\FLib.Music.csproj", "{5EE77BEE-8A70-414F-A6CA-17C0A64AC4BA}"
EndProject
Project("{9A19103F-16F7-4668-BE54-9A1E7A4F7556}") = "FLib.Controls.WPF", "Libraries\FLib.Controls.WPF\FLib.Controls.WPF.csproj", "{6275E2F1-60B3-4F5D-83A0-5DB2768426F7}"
EndProject
Project("{9A19103F-16F7-4668-BE54-9A1E7A4F7556}") = "FLib.MVVM", "Libraries\FLib.MVVM\FLib.MVVM.csproj", "{9E0C2049-ED15-4D94-B2C4-BD456506DAF5}"
EndProject
Project("{9A19103F-16F7-4668-BE54-9A1E7A4F7556}") = "FLib.MVVM.WPF", "Libraries\FLib.MVVM.WPF\FLib.MVVM.WPF.csproj", "{F94646B6-040E-44F7-B58F-3E8FECD3A5C6}"
EndProject
Global
	GlobalSection(SolutionConfigurationPlatforms) = preSolution
		Debug|Any CPU = Debug|Any CPU
		Release|Any CPU = Release|Any CPU
	EndGlobalSection
	GlobalSection(ProjectConfigurationPlatforms) = postSolution
		{376C4999-418D-4799-B6C5-0B3CF6B1378A}.Debug|Any CPU.ActiveCfg = Debug|Any CPU
		{376C4999-418D-4799-B6C5-0B3CF6B1378A}.Debug|Any CPU.Build.0 = Debug|Any CPU
		{376C4999-418D-4799-B6C5-0B3CF6B1378A}.Release|Any CPU.ActiveCfg = Release|Any CPU
		{376C4999-418D-4799-B6C5-0B3CF6B1378A}.Release|Any CPU.Build.0 = Release|Any CPU
		{89D8D54E-C7A9-4CE8-A1F8-D51DE13492E1}.Debug|Any CPU.ActiveCfg = Debug|Any CPU
		{89D8D54E-C7A9-4CE8-A1F8-D51DE13492E1}.Debug|Any CPU.Build.0 = Debug|Any CPU
		{89D8D54E-C7A9-4CE8-A1F8-D51DE13492E1}.Release|Any CPU.ActiveCfg = Release|Any CPU
		{89D8D54E-C7A9-4CE8-A1F8-D51DE13492E1}.Release|Any CPU.Build.0 = Release|Any CPU
		{9290A1E0-97D0-47BE-9955-CFEE066A2C19}.Debug|Any CPU.ActiveCfg = Debug|Any CPU
		{9290A1E0-97D0-47BE-9955-CFEE066A2C19}.Debug|Any CPU.Build.0 = Debug|Any CPU
		{9290A1E0-97D0-47BE-9955-CFEE066A2C19}.Release|Any CPU.ActiveCfg = Release|Any CPU
		{9290A1E0-97D0-47BE-9955-CFEE066A2C19}.Release|Any CPU.Build.0 = Release|Any CPU
		{5EE77BEE-8A70-414F-A6CA-17C0A64AC4BA}.Debug|Any CPU.ActiveCfg = Debug|Any CPU
		{5EE77BEE-8A70-414F-A6CA-17C0A64AC4BA}.Debug|Any CPU.Build.0 = Debug|Any CPU
		{5EE77BEE-8A70-414F-A6CA-17C0A64AC4BA}.Release|Any CPU.ActiveCfg = Release|Any CPU
		{5EE77BEE-8A70-414F-A6CA-17C0A64AC4BA}.Release|Any CPU.Build.0 = Release|Any CPU
		{6275E2F1-60B3-4F5D-83A0-5DB2768426F7}.Debug|Any CPU.ActiveCfg = Debug|Any CPU
		{6275E2F1-60B3-4F5D-83A0-5DB2768426F7}.Debug|Any CPU.Build.0 = Debug|Any CPU
		{6275E2F1-60B3-4F5D-83A0-5DB2768426F7}.Release|Any CPU.ActiveCfg = Release|Any CPU
		{6275E2F1-60B3-4F5D-83A0-5DB2768426F7}.Release|Any CPU.Build.0 = Release|Any CPU
		{9E0C2049-ED15-4D94-B2C4-BD456506DAF5}.Debug|Any CPU.ActiveCfg = Debug|Any CPU
		{9E0C2049-ED15-4D94-B2C4-BD456506DAF5}.Debug|Any CPU.Build.0 = Debug|Any CPU
		{9E0C2049-ED15-4D94-B2C4-BD456506DAF5}.Release|Any CPU.ActiveCfg = Release|Any CPU
		{9E0C2049-ED15-4D94-B2C4-BD456506DAF5}.Release|Any CPU.Build.0 = Release|Any CPU
		{F94646B6-040E-44F7-B58F-3E8FECD3A5C6}.Debug|Any CPU.ActiveCfg = Debug|Any CPU
		{F94646B6-040E-44F7-B58F-3E8FECD3A5C6}.Debug|Any CPU.Build.0 = Debug|Any CPU
		{F94646B6-040E-44F7-B58F-3E8FECD3A5C6}.Release|Any CPU.ActiveCfg = Release|Any CPU
		{F94646B6-040E-44F7-B58F-3E8FECD3A5C6}.Release|Any CPU.Build.0 = Release|Any CPU
	EndGlobalSection
	GlobalSection(SolutionProperties) = preSolution
		HideSolutionNode = FALSE
	EndGlobalSection
	GlobalSection(ExtensibilityGlobals) = postSolution
		SolutionGuid = {4C3E7BFF-874A-432A-A7D2-98DFDEE40A25}
	EndGlobalSection
EndGlobal
