
Microsoft Visual Studio Solution File, Format Version 12.00
# Visual Studio Version 16
VisualStudioVersion = 16.0.28803.202
MinimumVisualStudioVersion = 10.0.40219.1
Project("{9A19103F-16F7-4668-BE54-9A1E7A4F7556}") = "FLib.Common.Xamarin", "FLib.Common\FLib.Common.Xamarin.csproj", "{BC95F7D4-D73B-43CA-8EF7-B08AB6FFF721}"
EndProject
Project("{9A19103F-16F7-4668-BE54-9A1E7A4F7556}") = "FLib.Accounting.Xamarin", "FLib.Accounting\FLib.Accounting.Xamarin.csproj", "{9454AC8D-4B76-4C7C-B77A-519F49473391}"
EndProject
Project("{9A19103F-16F7-4668-BE54-9A1E7A4F7556}") = "FLib.MVVM.Xamarin", "FLib.MVVM\FLib.MVVM.Xamarin.csproj", "{1605C441-D731-4DD0-8DA7-7F3BA0C5FCAB}"
EndProject
Project("{9A19103F-16F7-4668-BE54-9A1E7A4F7556}") = "FLib.Scheduling.Xamarin", "FLib.Scheduling\FLib.Scheduling.Xamarin.csproj", "{08B4033C-6F73-470F-998C-43B75D7AC288}"
EndProject
Project("{9A19103F-16F7-4668-BE54-9A1E7A4F7556}") = "FLib.MVVM.Xamarin.Forms", "FLib.MVVM.Xamarin.Forms\FLib.MVVM.Xamarin.Forms.csproj", "{08424E49-1C2A-4831-A3BB-0087A688DF31}"
EndProject
Project("{FAE04EC0-301F-11D3-BF4B-00C04F79EFBC}") = "FLib.Commands.Xamarin", "FLib.Commands.Xamarin\FLib.Commands.Xamarin.csproj", "{C288BA7C-3FF1-4DA9-A1A5-C2D4D318CCFB}"
EndProject
Global
	GlobalSection(SolutionConfigurationPlatforms) = preSolution
		Debug|Any CPU = Debug|Any CPU
		Release|Any CPU = Release|Any CPU
	EndGlobalSection
	GlobalSection(ProjectConfigurationPlatforms) = postSolution
		{BC95F7D4-D73B-43CA-8EF7-B08AB6FFF721}.Debug|Any CPU.ActiveCfg = Debug|Any CPU
		{BC95F7D4-D73B-43CA-8EF7-B08AB6FFF721}.Debug|Any CPU.Build.0 = Debug|Any CPU
		{BC95F7D4-D73B-43CA-8EF7-B08AB6FFF721}.Release|Any CPU.ActiveCfg = Release|Any CPU
		{BC95F7D4-D73B-43CA-8EF7-B08AB6FFF721}.Release|Any CPU.Build.0 = Release|Any CPU
		{9454AC8D-4B76-4C7C-B77A-519F49473391}.Debug|Any CPU.ActiveCfg = Debug|Any CPU
		{9454AC8D-4B76-4C7C-B77A-519F49473391}.Debug|Any CPU.Build.0 = Debug|Any CPU
		{9454AC8D-4B76-4C7C-B77A-519F49473391}.Release|Any CPU.ActiveCfg = Release|Any CPU
		{9454AC8D-4B76-4C7C-B77A-519F49473391}.Release|Any CPU.Build.0 = Release|Any CPU
		{1605C441-D731-4DD0-8DA7-7F3BA0C5FCAB}.Debug|Any CPU.ActiveCfg = Debug|Any CPU
		{1605C441-D731-4DD0-8DA7-7F3BA0C5FCAB}.Debug|Any CPU.Build.0 = Debug|Any CPU
		{1605C441-D731-4DD0-8DA7-7F3BA0C5FCAB}.Release|Any CPU.ActiveCfg = Release|Any CPU
		{1605C441-D731-4DD0-8DA7-7F3BA0C5FCAB}.Release|Any CPU.Build.0 = Release|Any CPU
		{08B4033C-6F73-470F-998C-43B75D7AC288}.Debug|Any CPU.ActiveCfg = Debug|Any CPU
		{08B4033C-6F73-470F-998C-43B75D7AC288}.Debug|Any CPU.Build.0 = Debug|Any CPU
		{08B4033C-6F73-470F-998C-43B75D7AC288}.Release|Any CPU.ActiveCfg = Release|Any CPU
		{08B4033C-6F73-470F-998C-43B75D7AC288}.Release|Any CPU.Build.0 = Release|Any CPU
		{08424E49-1C2A-4831-A3BB-0087A688DF31}.Debug|Any CPU.ActiveCfg = Debug|Any CPU
		{08424E49-1C2A-4831-A3BB-0087A688DF31}.Debug|Any CPU.Build.0 = Debug|Any CPU
		{08424E49-1C2A-4831-A3BB-0087A688DF31}.Release|Any CPU.ActiveCfg = Release|Any CPU
		{08424E49-1C2A-4831-A3BB-0087A688DF31}.Release|Any CPU.Build.0 = Release|Any CPU
		{C288BA7C-3FF1-4DA9-A1A5-C2D4D318CCFB}.Debug|Any CPU.ActiveCfg = Debug|Any CPU
		{C288BA7C-3FF1-4DA9-A1A5-C2D4D318CCFB}.Debug|Any CPU.Build.0 = Debug|Any CPU
		{C288BA7C-3FF1-4DA9-A1A5-C2D4D318CCFB}.Release|Any CPU.ActiveCfg = Release|Any CPU
		{C288BA7C-3FF1-4DA9-A1A5-C2D4D318CCFB}.Release|Any CPU.Build.0 = Release|Any CPU
	EndGlobalSection
	GlobalSection(SolutionProperties) = preSolution
		HideSolutionNode = FALSE
	EndGlobalSection
	GlobalSection(ExtensibilityGlobals) = postSolution
		SolutionGuid = {54EE1CEC-78A4-4815-94AB-F1B77FC9D1FB}
	EndGlobalSection
EndGlobal
