
Microsoft Visual Studio Solution File, Format Version 12.00
# Visual Studio Version 16
VisualStudioVersion = 16.0.28803.202
MinimumVisualStudioVersion = 10.0.40219.1
Project("{9A19103F-16F7-4668-BE54-9A1E7A4F7556}") = "FLib.Common.Xamarin", "FLibXamarin.Common\FLib.Common.Xamarin.csproj", "{AA2A0EF8-F209-4E58-A90E-209AB108BA94}"
EndProject
Project("{9A19103F-16F7-4668-BE54-9A1E7A4F7556}") = "FLib.Accounting.Xamarin", "FLibXamarin.Accounting\FLib.Accounting.Xamarin.csproj", "{3450C0CB-E8ED-4B09-9E7B-E889458AD5E5}"
EndProject
Project("{9A19103F-16F7-4668-BE54-9A1E7A4F7556}") = "FLib.MVVM.Xamarin", "FLibXamarin.MVVM\FLib.MVVM.Xamarin.csproj", "{71D5DF17-210C-49BE-9BEB-676ADFC1D73C}"
EndProject
Project("{9A19103F-16F7-4668-BE54-9A1E7A4F7556}") = "FLib.Scheduling.Xamarin", "FLibXamarin.Scheduling\FLib.Scheduling.Xamarin.csproj", "{176557A2-CFCA-4AB9-8A54-33C1F5ED6EBE}"
EndProject
Global
	GlobalSection(SolutionConfigurationPlatforms) = preSolution
		Debug|Any CPU = Debug|Any CPU
		Release|Any CPU = Release|Any CPU
	EndGlobalSection
	GlobalSection(ProjectConfigurationPlatforms) = postSolution
		{AA2A0EF8-F209-4E58-A90E-209AB108BA94}.Debug|Any CPU.ActiveCfg = Debug|Any CPU
		{AA2A0EF8-F209-4E58-A90E-209AB108BA94}.Debug|Any CPU.Build.0 = Debug|Any CPU
		{AA2A0EF8-F209-4E58-A90E-209AB108BA94}.Release|Any CPU.ActiveCfg = Release|Any CPU
		{AA2A0EF8-F209-4E58-A90E-209AB108BA94}.Release|Any CPU.Build.0 = Release|Any CPU
		{3450C0CB-E8ED-4B09-9E7B-E889458AD5E5}.Debug|Any CPU.ActiveCfg = Debug|Any CPU
		{3450C0CB-E8ED-4B09-9E7B-E889458AD5E5}.Debug|Any CPU.Build.0 = Debug|Any CPU
		{3450C0CB-E8ED-4B09-9E7B-E889458AD5E5}.Release|Any CPU.ActiveCfg = Release|Any CPU
		{3450C0CB-E8ED-4B09-9E7B-E889458AD5E5}.Release|Any CPU.Build.0 = Release|Any CPU
		{71D5DF17-210C-49BE-9BEB-676ADFC1D73C}.Debug|Any CPU.ActiveCfg = Debug|Any CPU
		{71D5DF17-210C-49BE-9BEB-676ADFC1D73C}.Debug|Any CPU.Build.0 = Debug|Any CPU
		{71D5DF17-210C-49BE-9BEB-676ADFC1D73C}.Release|Any CPU.ActiveCfg = Release|Any CPU
		{71D5DF17-210C-49BE-9BEB-676ADFC1D73C}.Release|Any CPU.Build.0 = Release|Any CPU
		{176557A2-CFCA-4AB9-8A54-33C1F5ED6EBE}.Debug|Any CPU.ActiveCfg = Debug|Any CPU
		{176557A2-CFCA-4AB9-8A54-33C1F5ED6EBE}.Debug|Any CPU.Build.0 = Debug|Any CPU
		{176557A2-CFCA-4AB9-8A54-33C1F5ED6EBE}.Release|Any CPU.ActiveCfg = Release|Any CPU
		{176557A2-CFCA-4AB9-8A54-33C1F5ED6EBE}.Release|Any CPU.Build.0 = Release|Any CPU
	EndGlobalSection
	GlobalSection(SolutionProperties) = preSolution
		HideSolutionNode = FALSE
	EndGlobalSection
	GlobalSection(ExtensibilityGlobals) = postSolution
		SolutionGuid = {54EE1CEC-78A4-4815-94AB-F1B77FC9D1FB}
	EndGlobalSection
EndGlobal
